// !$*UTF8*$!
{
	archiveVersion = 1;
	classes = {
	};
	objectVersion = 46;
	objects = {

/* Begin PBXBuildFile section */
		95054FEF19158A6C00CFEC7A /* Types.plist in Resources */ = {isa = PBXBuildFile; fileRef = 95054FEE19158A6C00CFEC7A /* Types.plist */; };
		95054FF9191872A500CFEC7A /* oddtopcell.png in Resources */ = {isa = PBXBuildFile; fileRef = 95054FF8191872A500CFEC7A /* oddtopcell.png */; };
		95054FFB1918732200CFEC7A /* oddcell.png in Resources */ = {isa = PBXBuildFile; fileRef = 95054FFA1918732200CFEC7A /* oddcell.png */; };
		95054FFD1918736F00CFEC7A /* evencell.png in Resources */ = {isa = PBXBuildFile; fileRef = 95054FFC1918736F00CFEC7A /* evencell.png */; };
		9511AF3C1936A41100D65D28 /* AboutViewController.m in Sources */ = {isa = PBXBuildFile; fileRef = 9511AF3B1936A41100D65D28 /* AboutViewController.m */; };
		9599C3C2191B0A5900B64EB9 /* Main_iPad.storyboard in Resources */ = {isa = PBXBuildFile; fileRef = 9599C3C1191B0A5900B64EB9 /* Main_iPad.storyboard */; };
		95B4CDF0190301910013A259 /* Foundation.framework in Frameworks */ = {isa = PBXBuildFile; fileRef = 95B4CDEF190301910013A259 /* Foundation.framework */; };
		95B4CDF2190301910013A259 /* CoreGraphics.framework in Frameworks */ = {isa = PBXBuildFile; fileRef = 95B4CDF1190301910013A259 /* CoreGraphics.framework */; };
		95B4CDF4190301910013A259 /* UIKit.framework in Frameworks */ = {isa = PBXBuildFile; fileRef = 95B4CDF3190301910013A259 /* UIKit.framework */; };
		95B4CDFC190301910013A259 /* main.m in Sources */ = {isa = PBXBuildFile; fileRef = 95B4CDFB190301910013A259 /* main.m */; };
		95B4CE00190301910013A259 /* QRTAppDelegate.m in Sources */ = {isa = PBXBuildFile; fileRef = 95B4CDFF190301910013A259 /* QRTAppDelegate.m */; };
		95B4CE0E190301910013A259 /* Images.xcassets in Resources */ = {isa = PBXBuildFile; fileRef = 95B4CE0D190301910013A259 /* Images.xcassets */; };
		95B4CE15190301910013A259 /* XCTest.framework in Frameworks */ = {isa = PBXBuildFile; fileRef = 95B4CE14190301910013A259 /* XCTest.framework */; };
		95B4CE16190301910013A259 /* Foundation.framework in Frameworks */ = {isa = PBXBuildFile; fileRef = 95B4CDEF190301910013A259 /* Foundation.framework */; };
		95B4CE17190301910013A259 /* UIKit.framework in Frameworks */ = {isa = PBXBuildFile; fileRef = 95B4CDF3190301910013A259 /* UIKit.framework */; };
		95B4CE1F190301910013A259 /* InfoPlist.strings in Resources */ = {isa = PBXBuildFile; fileRef = 95B4CE1D190301910013A259 /* InfoPlist.strings */; };
		95B4CE21190301910013A259 /* PR__Personal_Record_KeeperTests.m in Sources */ = {isa = PBXBuildFile; fileRef = 95B4CE20190301910013A259 /* PR__Personal_Record_KeeperTests.m */; };
		95B4CE32190302010013A259 /* running-large.png in Resources */ = {isa = PBXBuildFile; fileRef = 95B4CE2C190302010013A259 /* running-large.png */; };
		95B4CE33190302010013A259 /* running.png in Resources */ = {isa = PBXBuildFile; fileRef = 95B4CE2D190302010013A259 /* running.png */; };
		95B4CE34190302010013A259 /* swimming-large.png in Resources */ = {isa = PBXBuildFile; fileRef = 95B4CE2E190302010013A259 /* swimming-large.png */; };
		95B4CE35190302010013A259 /* swimming.png in Resources */ = {isa = PBXBuildFile; fileRef = 95B4CE2F190302010013A259 /* swimming.png */; };
		95B4CE3F190302890013A259 /* RecordViewController.m in Sources */ = {isa = PBXBuildFile; fileRef = 95B4CE3E190302890013A259 /* RecordViewController.m */; };
		95B4CE42190303A70013A259 /* RecordDetailViewController.m in Sources */ = {isa = PBXBuildFile; fileRef = 95B4CE41190303A70013A259 /* RecordDetailViewController.m */; };
		95B4CE441904A0E80013A259 /* CoreData.framework in Frameworks */ = {isa = PBXBuildFile; fileRef = 95B4CE431904A0E80013A259 /* CoreData.framework */; };
		95B4CE471904A13F0013A259 /* PRModel.xcdatamodeld in Sources */ = {isa = PBXBuildFile; fileRef = 95B4CE451904A13F0013A259 /* PRModel.xcdatamodeld */; };
		95B4CE4A1904ACB00013A259 /* AddRecordViewController.m in Sources */ = {isa = PBXBuildFile; fileRef = 95B4CE491904ACB00013A259 /* AddRecordViewController.m */; };
		95B4CE4D190588990013A259 /* Main_iPhone.storyboard in Resources */ = {isa = PBXBuildFile; fileRef = 95B4CE4C190588990013A259 /* Main_iPhone.storyboard */; };
		95B4CE52190589810013A259 /* TPKeyboardAvoidingScrollView.m in Sources */ = {isa = PBXBuildFile; fileRef = 95B4CE51190589810013A259 /* TPKeyboardAvoidingScrollView.m */; };
		95B4CE55190589CD0013A259 /* UIScrollView+TPKeyboardAvoidingAdditions.m in Sources */ = {isa = PBXBuildFile; fileRef = 95B4CE54190589CD0013A259 /* UIScrollView+TPKeyboardAvoidingAdditions.m */; };
		95B4CE5819058D9C0013A259 /* InfoPlist.strings in Resources */ = {isa = PBXBuildFile; fileRef = 95B4CE5719058D9C0013A259 /* InfoPlist.strings */; };
		95D05CFE193038340050A88C /* triangle-large.png in Resources */ = {isa = PBXBuildFile; fileRef = 95D05CFD193038340050A88C /* triangle-large.png */; };
		95D05D001930383B0050A88C /* triangle.png in Resources */ = {isa = PBXBuildFile; fileRef = 95D05CFF1930383B0050A88C /* triangle.png */; };
		95D05D13193041660050A88C /* UIImage+ImageEffects.m in Sources */ = {isa = PBXBuildFile; fileRef = 95D05D12193041660050A88C /* UIImage+ImageEffects.m */; };
		95D05D151930EF8D0050A88C /* QuartzCore.framework in Frameworks */ = {isa = PBXBuildFile; fileRef = 95D05D141930EF8D0050A88C /* QuartzCore.framework */; };
		95D05D1B1930F0050050A88C /* Util.m in Sources */ = {isa = PBXBuildFile; fileRef = 95D05D1A1930F0050050A88C /* Util.m */; };
		95D05D1D193397090050A88C /* MessageUI.framework in Frameworks */ = {isa = PBXBuildFile; fileRef = 95D05D1C193397090050A88C /* MessageUI.framework */; };
		95D1320C195390DB006B75F7 /* HistoryTableViewController.m in Sources */ = {isa = PBXBuildFile; fileRef = 95D1320B195390DB006B75F7 /* HistoryTableViewController.m */; };
/* End PBXBuildFile section */

/* Begin PBXContainerItemProxy section */
		95B4CE18190301910013A259 /* PBXContainerItemProxy */ = {
			isa = PBXContainerItemProxy;
			containerPortal = 95B4CDE4190301910013A259 /* Project object */;
			proxyType = 1;
			remoteGlobalIDString = 95B4CDEB190301910013A259;
			remoteInfo = "PR: Personal Record Keeper";
		};
/* End PBXContainerItemProxy section */

/* Begin PBXFileReference section */
		95054FEE19158A6C00CFEC7A /* Types.plist */ = {isa = PBXFileReference; fileEncoding = 4; lastKnownFileType = text.plist.xml; name = Types.plist; path = ../Types.plist; sourceTree = "<group>"; };
		95054FF8191872A500CFEC7A /* oddtopcell.png */ = {isa = PBXFileReference; lastKnownFileType = image.png; path = oddtopcell.png; sourceTree = "<group>"; };
		95054FFA1918732200CFEC7A /* oddcell.png */ = {isa = PBXFileReference; lastKnownFileType = image.png; path = oddcell.png; sourceTree = "<group>"; };
		95054FFC1918736F00CFEC7A /* evencell.png */ = {isa = PBXFileReference; lastKnownFileType = image.png; path = evencell.png; sourceTree = "<group>"; };
		9511AF3A1936A41100D65D28 /* AboutViewController.h */ = {isa = PBXFileReference; fileEncoding = 4; lastKnownFileType = sourcecode.c.h; path = AboutViewController.h; sourceTree = "<group>"; };
		9511AF3B1936A41100D65D28 /* AboutViewController.m */ = {isa = PBXFileReference; fileEncoding = 4; lastKnownFileType = sourcecode.c.objc; path = AboutViewController.m; sourceTree = "<group>"; };
		9599C3C1191B0A5900B64EB9 /* Main_iPad.storyboard */ = {isa = PBXFileReference; fileEncoding = 4; lastKnownFileType = file.storyboard; name = Main_iPad.storyboard; path = ../Main_iPad.storyboard; sourceTree = "<group>"; };
		95B4CDEC190301910013A259 /* PR: Personal Record Keeper.app */ = {isa = PBXFileReference; explicitFileType = wrapper.application; includeInIndex = 0; path = "PR: Personal Record Keeper.app"; sourceTree = BUILT_PRODUCTS_DIR; };
		95B4CDEF190301910013A259 /* Foundation.framework */ = {isa = PBXFileReference; lastKnownFileType = wrapper.framework; name = Foundation.framework; path = System/Library/Frameworks/Foundation.framework; sourceTree = SDKROOT; };
		95B4CDF1190301910013A259 /* CoreGraphics.framework */ = {isa = PBXFileReference; lastKnownFileType = wrapper.framework; name = CoreGraphics.framework; path = System/Library/Frameworks/CoreGraphics.framework; sourceTree = SDKROOT; };
		95B4CDF3190301910013A259 /* UIKit.framework */ = {isa = PBXFileReference; lastKnownFileType = wrapper.framework; name = UIKit.framework; path = System/Library/Frameworks/UIKit.framework; sourceTree = SDKROOT; };
		95B4CDF7190301910013A259 /* PR: Personal Record Keeper-Info.plist */ = {isa = PBXFileReference; lastKnownFileType = text.plist.xml; path = "PR: Personal Record Keeper-Info.plist"; sourceTree = "<group>"; };
		95B4CDFB190301910013A259 /* main.m */ = {isa = PBXFileReference; lastKnownFileType = sourcecode.c.objc; path = main.m; sourceTree = "<group>"; };
		95B4CDFD190301910013A259 /* PR: Personal Record Keeper-Prefix.pch */ = {isa = PBXFileReference; lastKnownFileType = sourcecode.c.h; path = "PR: Personal Record Keeper-Prefix.pch"; sourceTree = "<group>"; };
		95B4CDFE190301910013A259 /* QRTAppDelegate.h */ = {isa = PBXFileReference; lastKnownFileType = sourcecode.c.h; path = QRTAppDelegate.h; sourceTree = "<group>"; };
		95B4CDFF190301910013A259 /* QRTAppDelegate.m */ = {isa = PBXFileReference; lastKnownFileType = sourcecode.c.objc; path = QRTAppDelegate.m; sourceTree = "<group>"; };
		95B4CE0D190301910013A259 /* Images.xcassets */ = {isa = PBXFileReference; lastKnownFileType = folder.assetcatalog; path = Images.xcassets; sourceTree = "<group>"; };
		95B4CE13190301910013A259 /* PR: Personal Record KeeperTests.xctest */ = {isa = PBXFileReference; explicitFileType = wrapper.cfbundle; includeInIndex = 0; path = "PR: Personal Record KeeperTests.xctest"; sourceTree = BUILT_PRODUCTS_DIR; };
		95B4CE14190301910013A259 /* XCTest.framework */ = {isa = PBXFileReference; lastKnownFileType = wrapper.framework; name = XCTest.framework; path = Library/Frameworks/XCTest.framework; sourceTree = DEVELOPER_DIR; };
		95B4CE1C190301910013A259 /* PR: Personal Record KeeperTests-Info.plist */ = {isa = PBXFileReference; lastKnownFileType = text.plist.xml; path = "PR: Personal Record KeeperTests-Info.plist"; sourceTree = "<group>"; };
		95B4CE1E190301910013A259 /* en */ = {isa = PBXFileReference; lastKnownFileType = text.plist.strings; name = en; path = en.lproj/InfoPlist.strings; sourceTree = "<group>"; };
		95B4CE20190301910013A259 /* PR__Personal_Record_KeeperTests.m */ = {isa = PBXFileReference; lastKnownFileType = sourcecode.c.objc; path = PR__Personal_Record_KeeperTests.m; sourceTree = "<group>"; };
		95B4CE2C190302010013A259 /* running-large.png */ = {isa = PBXFileReference; lastKnownFileType = image.png; path = "running-large.png"; sourceTree = "<group>"; };
		95B4CE2D190302010013A259 /* running.png */ = {isa = PBXFileReference; lastKnownFileType = image.png; path = running.png; sourceTree = "<group>"; };
		95B4CE2E190302010013A259 /* swimming-large.png */ = {isa = PBXFileReference; lastKnownFileType = image.png; path = "swimming-large.png"; sourceTree = "<group>"; };
		95B4CE2F190302010013A259 /* swimming.png */ = {isa = PBXFileReference; lastKnownFileType = image.png; path = swimming.png; sourceTree = "<group>"; };
		95B4CE3D190302890013A259 /* RecordViewController.h */ = {isa = PBXFileReference; fileEncoding = 4; lastKnownFileType = sourcecode.c.h; name = RecordViewController.h; path = "PR: Personal Record Keeper/RecordViewController.h"; sourceTree = "<group>"; };
		95B4CE3E190302890013A259 /* RecordViewController.m */ = {isa = PBXFileReference; fileEncoding = 4; lastKnownFileType = sourcecode.c.objc; lineEnding = 0; name = RecordViewController.m; path = "PR: Personal Record Keeper/RecordViewController.m"; sourceTree = "<group>"; xcLanguageSpecificationIdentifier = xcode.lang.objc; };
		95B4CE40190303A70013A259 /* RecordDetailViewController.h */ = {isa = PBXFileReference; fileEncoding = 4; lastKnownFileType = sourcecode.c.h; path = RecordDetailViewController.h; sourceTree = "<group>"; };
		95B4CE41190303A70013A259 /* RecordDetailViewController.m */ = {isa = PBXFileReference; fileEncoding = 4; lastKnownFileType = sourcecode.c.objc; path = RecordDetailViewController.m; sourceTree = "<group>"; };
		95B4CE431904A0E80013A259 /* CoreData.framework */ = {isa = PBXFileReference; lastKnownFileType = wrapper.framework; name = CoreData.framework; path = System/Library/Frameworks/CoreData.framework; sourceTree = SDKROOT; };
		95B4CE461904A13F0013A259 /* PRModel.xcdatamodel */ = {isa = PBXFileReference; lastKnownFileType = wrapper.xcdatamodel; path = PRModel.xcdatamodel; sourceTree = "<group>"; };
		95B4CE481904ACB00013A259 /* AddRecordViewController.h */ = {isa = PBXFileReference; fileEncoding = 4; lastKnownFileType = sourcecode.c.h; name = AddRecordViewController.h; path = "PR: Personal Record Keeper/AddRecordViewController.h"; sourceTree = "<group>"; };
		95B4CE491904ACB00013A259 /* AddRecordViewController.m */ = {isa = PBXFileReference; fileEncoding = 4; lastKnownFileType = sourcecode.c.objc; lineEnding = 0; name = AddRecordViewController.m; path = "PR: Personal Record Keeper/AddRecordViewController.m"; sourceTree = "<group>"; xcLanguageSpecificationIdentifier = xcode.lang.objc; };
		95B4CE4C190588990013A259 /* Main_iPhone.storyboard */ = {isa = PBXFileReference; fileEncoding = 4; lastKnownFileType = file.storyboard; path = Main_iPhone.storyboard; sourceTree = "<group>"; };
		95B4CE50190589810013A259 /* TPKeyboardAvoidingScrollView.h */ = {isa = PBXFileReference; fileEncoding = 4; lastKnownFileType = sourcecode.c.h; path = TPKeyboardAvoidingScrollView.h; sourceTree = SOURCE_ROOT; };
		95B4CE51190589810013A259 /* TPKeyboardAvoidingScrollView.m */ = {isa = PBXFileReference; fileEncoding = 4; lastKnownFileType = sourcecode.c.objc; path = TPKeyboardAvoidingScrollView.m; sourceTree = "<group>"; };
		95B4CE53190589CD0013A259 /* UIScrollView+TPKeyboardAvoidingAdditions.h */ = {isa = PBXFileReference; fileEncoding = 4; lastKnownFileType = sourcecode.c.h; path = "UIScrollView+TPKeyboardAvoidingAdditions.h"; sourceTree = SOURCE_ROOT; };
		95B4CE54190589CD0013A259 /* UIScrollView+TPKeyboardAvoidingAdditions.m */ = {isa = PBXFileReference; fileEncoding = 4; lastKnownFileType = sourcecode.c.objc; path = "UIScrollView+TPKeyboardAvoidingAdditions.m"; sourceTree = "<group>"; };
		95B4CE5719058D9C0013A259 /* InfoPlist.strings */ = {isa = PBXFileReference; fileEncoding = 4; lastKnownFileType = text.plist.strings; path = InfoPlist.strings; sourceTree = "<group>"; };
		95D05CFD193038340050A88C /* triangle-large.png */ = {isa = PBXFileReference; lastKnownFileType = image.png; path = "triangle-large.png"; sourceTree = "<group>"; };
		95D05CFF1930383B0050A88C /* triangle.png */ = {isa = PBXFileReference; lastKnownFileType = image.png; path = triangle.png; sourceTree = "<group>"; };
		95D05D11193041660050A88C /* UIImage+ImageEffects.h */ = {isa = PBXFileReference; fileEncoding = 4; lastKnownFileType = sourcecode.c.h; path = "UIImage+ImageEffects.h"; sourceTree = "<group>"; };
		95D05D12193041660050A88C /* UIImage+ImageEffects.m */ = {isa = PBXFileReference; fileEncoding = 4; lastKnownFileType = sourcecode.c.objc; path = "UIImage+ImageEffects.m"; sourceTree = "<group>"; };
		95D05D141930EF8D0050A88C /* QuartzCore.framework */ = {isa = PBXFileReference; lastKnownFileType = wrapper.framework; name = QuartzCore.framework; path = System/Library/Frameworks/QuartzCore.framework; sourceTree = SDKROOT; };
		95D05D191930F0050050A88C /* Util.h */ = {isa = PBXFileReference; fileEncoding = 4; lastKnownFileType = sourcecode.c.h; path = Util.h; sourceTree = "<group>"; };
		95D05D1A1930F0050050A88C /* Util.m */ = {isa = PBXFileReference; fileEncoding = 4; lastKnownFileType = sourcecode.c.objc; path = Util.m; sourceTree = "<group>"; };
		95D05D1C193397090050A88C /* MessageUI.framework */ = {isa = PBXFileReference; lastKnownFileType = wrapper.framework; name = MessageUI.framework; path = System/Library/Frameworks/MessageUI.framework; sourceTree = SDKROOT; };
		95D1320A195390DB006B75F7 /* HistoryTableViewController.h */ = {isa = PBXFileReference; fileEncoding = 4; lastKnownFileType = sourcecode.c.h; name = HistoryTableViewController.h; path = "PR: Personal Record Keeper/HistoryTableViewController.h"; sourceTree = "<group>"; };
		95D1320B195390DB006B75F7 /* HistoryTableViewController.m */ = {isa = PBXFileReference; fileEncoding = 4; lastKnownFileType = sourcecode.c.objc; name = HistoryTableViewController.m; path = "PR: Personal Record Keeper/HistoryTableViewController.m"; sourceTree = "<group>"; };
/* End PBXFileReference section */

/* Begin PBXFrameworksBuildPhase section */
		95B4CDE9190301910013A259 /* Frameworks */ = {
			isa = PBXFrameworksBuildPhase;
			buildActionMask = 2147483647;
			files = (
				95D05D1D193397090050A88C /* MessageUI.framework in Frameworks */,
				95D05D151930EF8D0050A88C /* QuartzCore.framework in Frameworks */,
				95B4CE441904A0E80013A259 /* CoreData.framework in Frameworks */,
				95B4CDF2190301910013A259 /* CoreGraphics.framework in Frameworks */,
				95B4CDF4190301910013A259 /* UIKit.framework in Frameworks */,
				95B4CDF0190301910013A259 /* Foundation.framework in Frameworks */,
			);
			runOnlyForDeploymentPostprocessing = 0;
		};
		95B4CE10190301910013A259 /* Frameworks */ = {
			isa = PBXFrameworksBuildPhase;
			buildActionMask = 2147483647;
			files = (
				95B4CE15190301910013A259 /* XCTest.framework in Frameworks */,
				95B4CE17190301910013A259 /* UIKit.framework in Frameworks */,
				95B4CE16190301910013A259 /* Foundation.framework in Frameworks */,
			);
			runOnlyForDeploymentPostprocessing = 0;
		};
/* End PBXFrameworksBuildPhase section */

/* Begin PBXGroup section */
		95B4CDE3190301910013A259 = {
			isa = PBXGroup;
			children = (
				95D1320D19548D5F006B75F7 /* Utilities */,
				95B4CE4B1904ACBB0013A259 /* Controller */,
				95B4CDF5190301910013A259 /* PR: Personal Record Keeper */,
				95B4CE1A190301910013A259 /* PR: Personal Record KeeperTests */,
				95B4CDEE190301910013A259 /* Frameworks */,
				95B4CDED190301910013A259 /* Products */,
				95B4CE2C190302010013A259 /* running-large.png */,
				95B4CE2D190302010013A259 /* running.png */,
				95B4CE2E190302010013A259 /* swimming-large.png */,
				95B4CE2F190302010013A259 /* swimming.png */,
				95054FF8191872A500CFEC7A /* oddtopcell.png */,
				95054FFA1918732200CFEC7A /* oddcell.png */,
				95054FFC1918736F00CFEC7A /* evencell.png */,
				95D05CFF1930383B0050A88C /* triangle.png */,
				95D05CFD193038340050A88C /* triangle-large.png */,
			);
			sourceTree = "<group>";
		};
		95B4CDED190301910013A259 /* Products */ = {
			isa = PBXGroup;
			children = (
				95B4CDEC190301910013A259 /* PR: Personal Record Keeper.app */,
				95B4CE13190301910013A259 /* PR: Personal Record KeeperTests.xctest */,
			);
			name = Products;
			sourceTree = "<group>";
		};
		95B4CDEE190301910013A259 /* Frameworks */ = {
			isa = PBXGroup;
			children = (
				95D05D1C193397090050A88C /* MessageUI.framework */,
				95D05D141930EF8D0050A88C /* QuartzCore.framework */,
				95B4CE431904A0E80013A259 /* CoreData.framework */,
				95B4CDEF190301910013A259 /* Foundation.framework */,
				95B4CDF1190301910013A259 /* CoreGraphics.framework */,
				95B4CDF3190301910013A259 /* UIKit.framework */,
				95B4CE14190301910013A259 /* XCTest.framework */,
			);
			name = Frameworks;
			sourceTree = "<group>";
		};
		95B4CDF5190301910013A259 /* PR: Personal Record Keeper */ = {
			isa = PBXGroup;
			children = (
				95054FEE19158A6C00CFEC7A /* Types.plist */,
				95B4CDFE190301910013A259 /* QRTAppDelegate.h */,
				95B4CDFF190301910013A259 /* QRTAppDelegate.m */,
				95B4CE4C190588990013A259 /* Main_iPhone.storyboard */,
				9599C3C1191B0A5900B64EB9 /* Main_iPad.storyboard */,
				95B4CE451904A13F0013A259 /* PRModel.xcdatamodeld */,
				95B4CE0D190301910013A259 /* Images.xcassets */,
				95B4CDF6190301910013A259 /* Supporting Files */,
			);
			path = "PR: Personal Record Keeper";
			sourceTree = "<group>";
		};
		95B4CDF6190301910013A259 /* Supporting Files */ = {
			isa = PBXGroup;
			children = (
				95B4CDF7190301910013A259 /* PR: Personal Record Keeper-Info.plist */,
				95B4CDFB190301910013A259 /* main.m */,
				95B4CE5719058D9C0013A259 /* InfoPlist.strings */,
				95B4CDFD190301910013A259 /* PR: Personal Record Keeper-Prefix.pch */,
			);
			name = "Supporting Files";
			sourceTree = "<group>";
		};
		95B4CE1A190301910013A259 /* PR: Personal Record KeeperTests */ = {
			isa = PBXGroup;
			children = (
				95B4CE20190301910013A259 /* PR__Personal_Record_KeeperTests.m */,
				95B4CE1B190301910013A259 /* Supporting Files */,
			);
			path = "PR: Personal Record KeeperTests";
			sourceTree = "<group>";
		};
		95B4CE1B190301910013A259 /* Supporting Files */ = {
			isa = PBXGroup;
			children = (
				95B4CE1C190301910013A259 /* PR: Personal Record KeeperTests-Info.plist */,
				95B4CE1D190301910013A259 /* InfoPlist.strings */,
			);
			name = "Supporting Files";
			sourceTree = "<group>";
		};
		95B4CE4B1904ACBB0013A259 /* Controller */ = {
			isa = PBXGroup;
			children = (
				95B4CE3D190302890013A259 /* RecordViewController.h */,
				95B4CE3E190302890013A259 /* RecordViewController.m */,
				95B4CE40190303A70013A259 /* RecordDetailViewController.h */,
				95B4CE41190303A70013A259 /* RecordDetailViewController.m */,
				95B4CE481904ACB00013A259 /* AddRecordViewController.h */,
				95B4CE491904ACB00013A259 /* AddRecordViewController.m */,
				95D1320A195390DB006B75F7 /* HistoryTableViewController.h */,
				95D1320B195390DB006B75F7 /* HistoryTableViewController.m */,
				9511AF3A1936A41100D65D28 /* AboutViewController.h */,
				9511AF3B1936A41100D65D28 /* AboutViewController.m */,
				95B4CE56190589D50013A259 /* TPKeyboardScrollView */,
			);
			name = Controller;
			sourceTree = "<group>";
		};
		95B4CE56190589D50013A259 /* TPKeyboardScrollView */ = {
			isa = PBXGroup;
			children = (
				95B4CE50190589810013A259 /* TPKeyboardAvoidingScrollView.h */,
				95B4CE51190589810013A259 /* TPKeyboardAvoidingScrollView.m */,
				95B4CE53190589CD0013A259 /* UIScrollView+TPKeyboardAvoidingAdditions.h */,
				95B4CE54190589CD0013A259 /* UIScrollView+TPKeyboardAvoidingAdditions.m */,
			);
			name = TPKeyboardScrollView;
			sourceTree = "<group>";
		};
		95D1320D19548D5F006B75F7 /* Utilities */ = {
			isa = PBXGroup;
			children = (
				95D05D191930F0050050A88C /* Util.h */,
				95D05D1A1930F0050050A88C /* Util.m */,
				95D05D11193041660050A88C /* UIImage+ImageEffects.h */,
				95D05D12193041660050A88C /* UIImage+ImageEffects.m */,
			);
			name = Utilities;
			sourceTree = "<group>";
		};
/* End PBXGroup section */

/* Begin PBXNativeTarget section */
		95B4CDEB190301910013A259 /* PR: Personal Record Keeper */ = {
			isa = PBXNativeTarget;
			buildConfigurationList = 95B4CE24190301910013A259 /* Build configuration list for PBXNativeTarget "PR: Personal Record Keeper" */;
			buildPhases = (
				95B4CDE8190301910013A259 /* Sources */,
				95B4CDE9190301910013A259 /* Frameworks */,
				9511AF391936A34700D65D28 /* ShellScript */,
				95B4CDEA190301910013A259 /* Resources */,
			);
			buildRules = (
			);
			dependencies = (
			);
			name = "PR: Personal Record Keeper";
			productName = "PR: Personal Record Keeper";
			productReference = 95B4CDEC190301910013A259 /* PR: Personal Record Keeper.app */;
			productType = "com.apple.product-type.application";
		};
		95B4CE12190301910013A259 /* PR: Personal Record KeeperTests */ = {
			isa = PBXNativeTarget;
			buildConfigurationList = 95B4CE27190301910013A259 /* Build configuration list for PBXNativeTarget "PR: Personal Record KeeperTests" */;
			buildPhases = (
				95B4CE0F190301910013A259 /* Sources */,
				95B4CE10190301910013A259 /* Frameworks */,
				95B4CE11190301910013A259 /* Resources */,
			);
			buildRules = (
			);
			dependencies = (
				95B4CE19190301910013A259 /* PBXTargetDependency */,
			);
			name = "PR: Personal Record KeeperTests";
			productName = "PR: Personal Record KeeperTests";
			productReference = 95B4CE13190301910013A259 /* PR: Personal Record KeeperTests.xctest */;
			productType = "com.apple.product-type.bundle.unit-test";
		};
/* End PBXNativeTarget section */

/* Begin PBXProject section */
		95B4CDE4190301910013A259 /* Project object */ = {
			isa = PBXProject;
			attributes = {
				CLASSPREFIX = MG;
				LastUpgradeCheck = 0510;
				ORGANIZATIONNAME = "Michael Ginn";
				TargetAttributes = {
					95B4CDEB190301910013A259 = {
						DevelopmentTeam = UB6P2G6766;
					};
					95B4CE12190301910013A259 = {
						TestTargetID = 95B4CDEB190301910013A259;
					};
				};
			};
			buildConfigurationList = 95B4CDE7190301910013A259 /* Build configuration list for PBXProject "PR: Personal Record Keeper" */;
			compatibilityVersion = "Xcode 3.2";
			developmentRegion = English;
			hasScannedForEncodings = 0;
			knownRegions = (
				en,
				Base,
			);
			mainGroup = 95B4CDE3190301910013A259;
			productRefGroup = 95B4CDED190301910013A259 /* Products */;
			projectDirPath = "";
			projectRoot = "";
			targets = (
				95B4CDEB190301910013A259 /* PR: Personal Record Keeper */,
				95B4CE12190301910013A259 /* PR: Personal Record KeeperTests */,
			);
		};
/* End PBXProject section */

/* Begin PBXResourcesBuildPhase section */
		95B4CDEA190301910013A259 /* Resources */ = {
			isa = PBXResourcesBuildPhase;
			buildActionMask = 2147483647;
			files = (
				95B4CE0E190301910013A259 /* Images.xcassets in Resources */,
				95B4CE5819058D9C0013A259 /* InfoPlist.strings in Resources */,
				95B4CE4D190588990013A259 /* Main_iPhone.storyboard in Resources */,
				95054FF9191872A500CFEC7A /* oddtopcell.png in Resources */,
				95B4CE34190302010013A259 /* swimming-large.png in Resources */,
				95D05D001930383B0050A88C /* triangle.png in Resources */,
				95B4CE32190302010013A259 /* running-large.png in Resources */,
				95B4CE35190302010013A259 /* swimming.png in Resources */,
				95D05CFE193038340050A88C /* triangle-large.png in Resources */,
				95054FFB1918732200CFEC7A /* oddcell.png in Resources */,
				95054FFD1918736F00CFEC7A /* evencell.png in Resources */,
				9599C3C2191B0A5900B64EB9 /* Main_iPad.storyboard in Resources */,
				95054FEF19158A6C00CFEC7A /* Types.plist in Resources */,
				95B4CE33190302010013A259 /* running.png in Resources */,
			);
			runOnlyForDeploymentPostprocessing = 0;
		};
		95B4CE11190301910013A259 /* Resources */ = {
			isa = PBXResourcesBuildPhase;
			buildActionMask = 2147483647;
			files = (
				95B4CE1F190301910013A259 /* InfoPlist.strings in Resources */,
			);
			runOnlyForDeploymentPostprocessing = 0;
		};
/* End PBXResourcesBuildPhase section */

/* Begin PBXShellScriptBuildPhase section */
		9511AF391936A34700D65D28 /* ShellScript */ = {
			isa = PBXShellScriptBuildPhase;
			buildActionMask = 2147483647;
			files = (
			);
			inputPaths = (
			);
			outputPaths = (
			);
			runOnlyForDeploymentPostprocessing = 0;
			shellPath = /bin/bash;
			shellScript = "buildNumber=$(/usr/libexec/PlistBuddy -c \"Print CFBundleVersion\" \"$INFOPLIST_FILE\")\nbuildNumber=$(($buildNumber + 1))\n/usr/libexec/PlistBuddy -c \"Set :CFBundleVersion $buildNumber\" \"$INFOPLIST_FILE\"";
		};
/* End PBXShellScriptBuildPhase section */

/* Begin PBXSourcesBuildPhase section */
		95B4CDE8190301910013A259 /* Sources */ = {
			isa = PBXSourcesBuildPhase;
			buildActionMask = 2147483647;
			files = (
				95D1320C195390DB006B75F7 /* HistoryTableViewController.m in Sources */,
				95B4CE00190301910013A259 /* QRTAppDelegate.m in Sources */,
				95B4CE52190589810013A259 /* TPKeyboardAvoidingScrollView.m in Sources */,
				95B4CE471904A13F0013A259 /* PRModel.xcdatamodeld in Sources */,
				95B4CE55190589CD0013A259 /* UIScrollView+TPKeyboardAvoidingAdditions.m in Sources */,
				95B4CDFC190301910013A259 /* main.m in Sources */,
				95D05D1B1930F0050050A88C /* Util.m in Sources */,
				95D05D13193041660050A88C /* UIImage+ImageEffects.m in Sources */,
				95B4CE4A1904ACB00013A259 /* AddRecordViewController.m in Sources */,
				9511AF3C1936A41100D65D28 /* AboutViewController.m in Sources */,
				95B4CE3F190302890013A259 /* RecordViewController.m in Sources */,
				95B4CE42190303A70013A259 /* RecordDetailViewController.m in Sources */,
			);
			runOnlyForDeploymentPostprocessing = 0;
		};
		95B4CE0F190301910013A259 /* Sources */ = {
			isa = PBXSourcesBuildPhase;
			buildActionMask = 2147483647;
			files = (
				95B4CE21190301910013A259 /* PR__Personal_Record_KeeperTests.m in Sources */,
			);
			runOnlyForDeploymentPostprocessing = 0;
		};
/* End PBXSourcesBuildPhase section */

/* Begin PBXTargetDependency section */
		95B4CE19190301910013A259 /* PBXTargetDependency */ = {
			isa = PBXTargetDependency;
			target = 95B4CDEB190301910013A259 /* PR: Personal Record Keeper */;
			targetProxy = 95B4CE18190301910013A259 /* PBXContainerItemProxy */;
		};
/* End PBXTargetDependency section */

/* Begin PBXVariantGroup section */
		95B4CE1D190301910013A259 /* InfoPlist.strings */ = {
			isa = PBXVariantGroup;
			children = (
				95B4CE1E190301910013A259 /* en */,
			);
			name = InfoPlist.strings;
			sourceTree = "<group>";
		};
/* End PBXVariantGroup section */

/* Begin XCBuildConfiguration section */
		95B4CE22190301910013A259 /* Debug */ = {
			isa = XCBuildConfiguration;
			buildSettings = {
				ALWAYS_SEARCH_USER_PATHS = NO;
				CLANG_CXX_LANGUAGE_STANDARD = "gnu++0x";
				CLANG_CXX_LIBRARY = "libc++";
				CLANG_ENABLE_MODULES = YES;
				CLANG_ENABLE_OBJC_ARC = YES;
				CLANG_WARN_BOOL_CONVERSION = YES;
				CLANG_WARN_CONSTANT_CONVERSION = YES;
				CLANG_WARN_DIRECT_OBJC_ISA_USAGE = YES_ERROR;
				CLANG_WARN_EMPTY_BODY = YES;
				CLANG_WARN_ENUM_CONVERSION = YES;
				CLANG_WARN_INT_CONVERSION = YES;
				CLANG_WARN_OBJC_ROOT_CLASS = YES_ERROR;
				CLANG_WARN__DUPLICATE_METHOD_MATCH = YES;
				"CODE_SIGN_IDENTITY[sdk=iphoneos*]" = "iPhone Developer";
				COPY_PHASE_STRIP = NO;
				GCC_C_LANGUAGE_STANDARD = gnu99;
				GCC_DYNAMIC_NO_PIC = NO;
				GCC_OPTIMIZATION_LEVEL = 0;
				GCC_PREPROCESSOR_DEFINITIONS = (
					"DEBUG=1",
					"$(inherited)",
				);
				GCC_SYMBOLS_PRIVATE_EXTERN = NO;
				GCC_WARN_64_TO_32_BIT_CONVERSION = YES;
				GCC_WARN_ABOUT_RETURN_TYPE = YES_ERROR;
				GCC_WARN_UNDECLARED_SELECTOR = YES;
				GCC_WARN_UNINITIALIZED_AUTOS = YES_AGGRESSIVE;
				GCC_WARN_UNUSED_FUNCTION = YES;
				GCC_WARN_UNUSED_VARIABLE = YES;
				IPHONEOS_DEPLOYMENT_TARGET = 7.1;
				ONLY_ACTIVE_ARCH = YES;
				SDKROOT = iphoneos;
				TARGETED_DEVICE_FAMILY = "1,2";
				VALIDATE_PRODUCT = YES;
			};
			name = Debug;
		};
		95B4CE23190301910013A259 /* Release */ = {
			isa = XCBuildConfiguration;
			buildSettings = {
				ALWAYS_SEARCH_USER_PATHS = NO;
				CLANG_CXX_LANGUAGE_STANDARD = "gnu++0x";
				CLANG_CXX_LIBRARY = "libc++";
				CLANG_ENABLE_MODULES = YES;
				CLANG_ENABLE_OBJC_ARC = YES;
				CLANG_WARN_BOOL_CONVERSION = YES;
				CLANG_WARN_CONSTANT_CONVERSION = YES;
				CLANG_WARN_DIRECT_OBJC_ISA_USAGE = YES_ERROR;
				CLANG_WARN_EMPTY_BODY = YES;
				CLANG_WARN_ENUM_CONVERSION = YES;
				CLANG_WARN_INT_CONVERSION = YES;
				CLANG_WARN_OBJC_ROOT_CLASS = YES_ERROR;
				CLANG_WARN__DUPLICATE_METHOD_MATCH = YES;
				"CODE_SIGN_IDENTITY[sdk=iphoneos*]" = "iPhone Developer";
				COPY_PHASE_STRIP = YES;
				ENABLE_NS_ASSERTIONS = NO;
				GCC_C_LANGUAGE_STANDARD = gnu99;
				GCC_WARN_64_TO_32_BIT_CONVERSION = YES;
				GCC_WARN_ABOUT_RETURN_TYPE = YES_ERROR;
				GCC_WARN_UNDECLARED_SELECTOR = YES;
				GCC_WARN_UNINITIALIZED_AUTOS = YES_AGGRESSIVE;
				GCC_WARN_UNUSED_FUNCTION = YES;
				GCC_WARN_UNUSED_VARIABLE = YES;
				IPHONEOS_DEPLOYMENT_TARGET = 7.1;
				SDKROOT = iphoneos;
				TARGETED_DEVICE_FAMILY = "1,2";
				VALIDATE_PRODUCT = YES;
			};
			name = Release;
		};
		95B4CE25190301910013A259 /* Debug */ = {
			isa = XCBuildConfiguration;
			buildSettings = {
				ASSETCATALOG_COMPILER_APPICON_NAME = AppIcon;
				ASSETCATALOG_COMPILER_LAUNCHIMAGE_NAME = LaunchImage;
				CLANG_ENABLE_MODULES = YES;
				CODE_SIGN_IDENTITY = "iPhone Developer";
				"CODE_SIGN_IDENTITY[sdk=iphoneos*]" = "iPhone Developer";
				GCC_PRECOMPILE_PREFIX_HEADER = YES;
				GCC_PREFIX_HEADER = "PR: Personal Record Keeper/PR: Personal Record Keeper-Prefix.pch";
				INFOPLIST_FILE = "PR: Personal Record Keeper/PR: Personal Record Keeper-Info.plist";
				IPHONEOS_DEPLOYMENT_TARGET = 7.0;
				LD_RUNPATH_SEARCH_PATHS = "$(inherited) @executable_path/Frameworks";
				PRODUCT_NAME = "$(TARGET_NAME)";
				PROVISIONING_PROFILE = "";
				SWIFT_OBJC_BRIDGING_HEADER = "PR: Personal Record Keeper-Bridging-Header.h";
				SWIFT_OPTIMIZATION_LEVEL = "-Onone";
				WRAPPER_EXTENSION = app;
			};
			name = Debug;
		};
		95B4CE26190301910013A259 /* Release */ = {
			isa = XCBuildConfiguration;
			buildSettings = {
				ASSETCATALOG_COMPILER_APPICON_NAME = AppIcon;
				ASSETCATALOG_COMPILER_LAUNCHIMAGE_NAME = LaunchImage;
				CLANG_ENABLE_MODULES = YES;
				CODE_SIGN_IDENTITY = "iPhone Developer";
				"CODE_SIGN_IDENTITY[sdk=iphoneos*]" = "iPhone Developer";
				GCC_PRECOMPILE_PREFIX_HEADER = YES;
				GCC_PREFIX_HEADER = "PR: Personal Record Keeper/PR: Personal Record Keeper-Prefix.pch";
				INFOPLIST_FILE = "PR: Personal Record Keeper/PR: Personal Record Keeper-Info.plist";
				IPHONEOS_DEPLOYMENT_TARGET = 7.0;
				LD_RUNPATH_SEARCH_PATHS = "$(inherited) @executable_path/Frameworks";
				PRODUCT_NAME = "$(TARGET_NAME)";
				PROVISIONING_PROFILE = "";
				SWIFT_OBJC_BRIDGING_HEADER = "PR: Personal Record Keeper-Bridging-Header.h";
				WRAPPER_EXTENSION = app;
			};
			name = Release;
		};
		95B4CE28190301910013A259 /* Debug */ = {
			isa = XCBuildConfiguration;
			buildSettings = {
				BUNDLE_LOADER = "$(BUILT_PRODUCTS_DIR)/PR: Personal Record Keeper.app/PR: Personal Record Keeper";
				FRAMEWORK_SEARCH_PATHS = (
					"$(SDKROOT)/Developer/Library/Frameworks",
					"$(inherited)",
					"$(DEVELOPER_FRAMEWORKS_DIR)",
				);
				GCC_PRECOMPILE_PREFIX_HEADER = YES;
				GCC_PREFIX_HEADER = "PR: Personal Record Keeper/PR: Personal Record Keeper-Prefix.pch";
				GCC_PREPROCESSOR_DEFINITIONS = (
					"DEBUG=1",
					"$(inherited)",
				);
				INFOPLIST_FILE = "PR: Personal Record KeeperTests/PR: Personal Record KeeperTests-Info.plist";
				PRODUCT_NAME = "$(TARGET_NAME)";
				TEST_HOST = "$(BUNDLE_LOADER)";
				WRAPPER_EXTENSION = xctest;
			};
			name = Debug;
		};
		95B4CE29190301910013A259 /* Release */ = {
			isa = XCBuildConfiguration;
			buildSettings = {
				BUNDLE_LOADER = "$(BUILT_PRODUCTS_DIR)/PR: Personal Record Keeper.app/PR: Personal Record Keeper";
				FRAMEWORK_SEARCH_PATHS = (
					"$(SDKROOT)/Developer/Library/Frameworks",
					"$(inherited)",
					"$(DEVELOPER_FRAMEWORKS_DIR)",
				);
				GCC_PRECOMPILE_PREFIX_HEADER = YES;
				GCC_PREFIX_HEADER = "PR: Personal Record Keeper/PR: Personal Record Keeper-Prefix.pch";
				INFOPLIST_FILE = "PR: Personal Record KeeperTests/PR: Personal Record KeeperTests-Info.plist";
				PRODUCT_NAME = "$(TARGET_NAME)";
				TEST_HOST = "$(BUNDLE_LOADER)";
				WRAPPER_EXTENSION = xctest;
			};
			name = Release;
		};
/* End XCBuildConfiguration section */

/* Begin XCConfigurationList section */
		95B4CDE7190301910013A259 /* Build configuration list for PBXProject "PR: Personal Record Keeper" */ = {
			isa = XCConfigurationList;
			buildConfigurations = (
				95B4CE22190301910013A259 /* Debug */,
				95B4CE23190301910013A259 /* Release */,
			);
			defaultConfigurationIsVisible = 0;
			defaultConfigurationName = Release;
		};
		95B4CE24190301910013A259 /* Build configuration list for PBXNativeTarget "PR: Personal Record Keeper" */ = {
			isa = XCConfigurationList;
			buildConfigurations = (
				95B4CE25190301910013A259 /* Debug */,
				95B4CE26190301910013A259 /* Release */,
			);
			defaultConfigurationIsVisible = 0;
			defaultConfigurationName = Release;
		};
		95B4CE27190301910013A259 /* Build configuration list for PBXNativeTarget "PR: Personal Record KeeperTests" */ = {
			isa = XCConfigurationList;
			buildConfigurations = (
				95B4CE28190301910013A259 /* Debug */,
				95B4CE29190301910013A259 /* Release */,
			);
			defaultConfigurationIsVisible = 0;
			defaultConfigurationName = Release;
		};
/* End XCConfigurationList section */

/* Begin XCVersionGroup section */
		95B4CE451904A13F0013A259 /* PRModel.xcdatamodeld */ = {
			isa = XCVersionGroup;
			children = (
				95B4CE461904A13F0013A259 /* PRModel.xcdatamodel */,
			);
			currentVersion = 95B4CE461904A13F0013A259 /* PRModel.xcdatamodel */;
			name = PRModel.xcdatamodeld;
			path = ../PRModel.xcdatamodeld;
			sourceTree = "<group>";
			versionGroupType = wrapper.xcdatamodel;
		};
/* End XCVersionGroup section */
	};
	rootObject = 95B4CDE4190301910013A259 /* Project object */;
}
