// !$*UTF8*$!
{
	archiveVersion = 1;
	classes = {
	};
	objectVersion = 46;
	objects = {

/* Begin PBXBuildFile section */
		95054FEF19158A6C00CFEC7A /* Types.plist in Resources */ = {isa = PBXBuildFile; fileRef = 95054FEE19158A6C00CFEC7A /* Types.plist */; };
		9510DC0C20D3137400F0D432 /* Assets.xcassets in Resources */ = {isa = PBXBuildFile; fileRef = 9510DC0B20D3137400F0D432 /* Assets.xcassets */; };
		9510DC1020D33B5D00F0D432 /* NewRecordViewController.swift in Sources */ = {isa = PBXBuildFile; fileRef = 9510DC0F20D33B5D00F0D432 /* NewRecordViewController.swift */; };
		9510DC1220D56C6100F0D432 /* Normal.xib in Resources */ = {isa = PBXBuildFile; fileRef = 9510DC1120D56C6100F0D432 /* Normal.xib */; };
		951AD56B20EE8ADA0086E0CA /* Dictionary+SortedKeys.swift in Sources */ = {isa = PBXBuildFile; fileRef = 951AD56A20EE8ADA0086E0CA /* Dictionary+SortedKeys.swift */; };
		951AD56E20EE8E1B0086E0CA /* Record+CoreDataClass.swift in Sources */ = {isa = PBXBuildFile; fileRef = 951AD56C20EE8E1B0086E0CA /* Record+CoreDataClass.swift */; };
		951AD56F20EE8E1B0086E0CA /* Record+CoreDataProperties.swift in Sources */ = {isa = PBXBuildFile; fileRef = 951AD56D20EE8E1B0086E0CA /* Record+CoreDataProperties.swift */; };
		951B7A892114BC4800F87A4E /* BigTextView.xib in Resources */ = {isa = PBXBuildFile; fileRef = 951B7A882114BC4800F87A4E /* BigTextView.xib */; };
		9529F66620EEC1EB00702C51 /* CoreDataManager.swift in Sources */ = {isa = PBXBuildFile; fileRef = 9529F66520EEC1EB00702C51 /* CoreDataManager.swift */; };
		9529F66820EED2B900702C51 /* RecordCell.swift in Sources */ = {isa = PBXBuildFile; fileRef = 9529F66720EED2B900702C51 /* RecordCell.swift */; };
		95481B4020A53A500099A1CF /* MappingModel.xcmappingmodel in Sources */ = {isa = PBXBuildFile; fileRef = 95481B3F20A53A500099A1CF /* MappingModel.xcmappingmodel */; };
		954B4183207BE5D7006115B0 /* Main.storyboard in Resources */ = {isa = PBXBuildFile; fileRef = 954B4182207BE5D7006115B0 /* Main.storyboard */; };
		957771D720A7D4E80034172D /* CurrentToRecord.swift in Sources */ = {isa = PBXBuildFile; fileRef = 957771D620A7D4E80034172D /* CurrentToRecord.swift */; };
		957DB40F20A9BE7600639598 /* DistancesToLengths.swift in Sources */ = {isa = PBXBuildFile; fileRef = 957DB40E20A9BE7600639598 /* DistancesToLengths.swift */; };
		9586696D20C9BFC90012C95D /* RecordCellContentView.swift in Sources */ = {isa = PBXBuildFile; fileRef = 9586696C20C9BFC90012C95D /* RecordCellContentView.swift */; };
		958C62CA20D56DEC005EB1EE /* TextField.xib in Resources */ = {isa = PBXBuildFile; fileRef = 958C62C920D56DEC005EB1EE /* TextField.xib */; };
		958C62CC20D56E68005EB1EE /* DatePicker.xib in Resources */ = {isa = PBXBuildFile; fileRef = 958C62CB20D56E68005EB1EE /* DatePicker.xib */; };
		958C62CE20D56F69005EB1EE /* ValuePicker.xib in Resources */ = {isa = PBXBuildFile; fileRef = 958C62CD20D56F69005EB1EE /* ValuePicker.xib */; };
		958C62D020D570D1005EB1EE /* CellDescriptor.plist in Resources */ = {isa = PBXBuildFile; fileRef = 958C62CF20D570D1005EB1EE /* CellDescriptor.plist */; };
		958C62D220D579A6005EB1EE /* TimeComponent.xib in Resources */ = {isa = PBXBuildFile; fileRef = 958C62D120D579A6005EB1EE /* TimeComponent.xib */; };
		95A061BA20DCAC9D00795E9C /* CustomCell.swift in Sources */ = {isa = PBXBuildFile; fileRef = 95A061B920DCAC9D00795E9C /* CustomCell.swift */; };
		95B4CDF0190301910013A259 /* Foundation.framework in Frameworks */ = {isa = PBXBuildFile; fileRef = 95B4CDEF190301910013A259 /* Foundation.framework */; };
		95B4CDF2190301910013A259 /* CoreGraphics.framework in Frameworks */ = {isa = PBXBuildFile; fileRef = 95B4CDF1190301910013A259 /* CoreGraphics.framework */; };
		95B4CDF4190301910013A259 /* UIKit.framework in Frameworks */ = {isa = PBXBuildFile; fileRef = 95B4CDF3190301910013A259 /* UIKit.framework */; };
		95B4CE0E190301910013A259 /* Images.xcassets in Resources */ = {isa = PBXBuildFile; fileRef = 95B4CE0D190301910013A259 /* Images.xcassets */; };
		95B4CE16190301910013A259 /* Foundation.framework in Frameworks */ = {isa = PBXBuildFile; fileRef = 95B4CDEF190301910013A259 /* Foundation.framework */; };
		95B4CE17190301910013A259 /* UIKit.framework in Frameworks */ = {isa = PBXBuildFile; fileRef = 95B4CDF3190301910013A259 /* UIKit.framework */; };
		95B4CE1F190301910013A259 /* InfoPlist.strings in Resources */ = {isa = PBXBuildFile; fileRef = 95B4CE1D190301910013A259 /* InfoPlist.strings */; };
		95B4CE441904A0E80013A259 /* CoreData.framework in Frameworks */ = {isa = PBXBuildFile; fileRef = 95B4CE431904A0E80013A259 /* CoreData.framework */; };
		95B4CE471904A13F0013A259 /* PRModel.xcdatamodeld in Sources */ = {isa = PBXBuildFile; fileRef = 95B4CE451904A13F0013A259 /* PRModel.xcdatamodeld */; };
		95B4CE5819058D9C0013A259 /* InfoPlist.strings in Resources */ = {isa = PBXBuildFile; fileRef = 95B4CE5719058D9C0013A259 /* InfoPlist.strings */; };
		95C083971B0D15E600741915 /* Launch Screen.xib in Resources */ = {isa = PBXBuildFile; fileRef = 95C083961B0D15E600741915 /* Launch Screen.xib */; };
		95D05D151930EF8D0050A88C /* QuartzCore.framework in Frameworks */ = {isa = PBXBuildFile; fileRef = 95D05D141930EF8D0050A88C /* QuartzCore.framework */; };
		95D05D1D193397090050A88C /* MessageUI.framework in Frameworks */ = {isa = PBXBuildFile; fileRef = 95D05D1C193397090050A88C /* MessageUI.framework */; };
		95D8275220F8391600CB79F9 /* RecordDetailViewController.swift in Sources */ = {isa = PBXBuildFile; fileRef = 95D8275120F8391600CB79F9 /* RecordDetailViewController.swift */; };
		95D8275420F9444E00CB79F9 /* RoundedRectView.swift in Sources */ = {isa = PBXBuildFile; fileRef = 95D8275320F9444E00CB79F9 /* RoundedRectView.swift */; };
		95D8275820F9475C00CB79F9 /* RecordDetailScrollView.swift in Sources */ = {isa = PBXBuildFile; fileRef = 95D8275720F9475C00CB79F9 /* RecordDetailScrollView.swift */; };
		95D8275A20F9691B00CB79F9 /* CustomColors.swift in Sources */ = {isa = PBXBuildFile; fileRef = 95D8275920F9691B00CB79F9 /* CustomColors.swift */; };
		95D8279D20FEBD8B00CB79F9 /* TimeValueFormatter.swift in Sources */ = {isa = PBXBuildFile; fileRef = 95D8279C20FEBD8B00CB79F9 /* TimeValueFormatter.swift */; };
		95D827A020FEC17600CB79F9 /* PersonalRecordKeeperTests.swift in Sources */ = {isa = PBXBuildFile; fileRef = 95D8279F20FEC17600CB79F9 /* PersonalRecordKeeperTests.swift */; };
		95D827A420FFC7C600CB79F9 /* DateValueFormatter.swift in Sources */ = {isa = PBXBuildFile; fileRef = 95D827A320FFC7C600CB79F9 /* DateValueFormatter.swift */; };
		95D827A62102869F00CB79F9 /* BalloonMarker.swift in Sources */ = {isa = PBXBuildFile; fileRef = 95D827A52102869F00CB79F9 /* BalloonMarker.swift */; };
		95D827AB2108E59600CB79F9 /* UIImage+RecordType.swift in Sources */ = {isa = PBXBuildFile; fileRef = 95D827AA2108E59600CB79F9 /* UIImage+RecordType.swift */; };
		95D827B22109121B00CB79F9 /* OldRecordsTableViewController.swift in Sources */ = {isa = PBXBuildFile; fileRef = 95D827B12109121B00CB79F9 /* OldRecordsTableViewController.swift */; };
		95D827B4210912FE00CB79F9 /* OldRecordCell.swift in Sources */ = {isa = PBXBuildFile; fileRef = 95D827B3210912FE00CB79F9 /* OldRecordCell.swift */; };
		95D827D2210BE72100CB79F9 /* Charts.framework in Frameworks */ = {isa = PBXBuildFile; fileRef = 95D827CF210BE6F400CB79F9 /* Charts.framework */; };
		95D827D3210BE72100CB79F9 /* Charts.framework in Embed Frameworks */ = {isa = PBXBuildFile; fileRef = 95D827CF210BE6F400CB79F9 /* Charts.framework */; settings = {ATTRIBUTES = (CodeSignOnCopy, RemoveHeadersOnCopy, ); }; };
		95D9FF6920C1F78400FAEFC2 /* RecordTableViewController.swift in Sources */ = {isa = PBXBuildFile; fileRef = 95D9FF6820C1F78400FAEFC2 /* RecordTableViewController.swift */; };
		95D9FF6B20C1FB5C00FAEFC2 /* PreviousToRecord.swift in Sources */ = {isa = PBXBuildFile; fileRef = 95D9FF6A20C1FB5C00FAEFC2 /* PreviousToRecord.swift */; };
		95ED836A208D6805002FEAE8 /* AppDelegate.swift in Sources */ = {isa = PBXBuildFile; fileRef = 95ED8369208D6805002FEAE8 /* AppDelegate.swift */; };
/* End PBXBuildFile section */

/* Begin PBXContainerItemProxy section */
		95B4CE18190301910013A259 /* PBXContainerItemProxy */ = {
			isa = PBXContainerItemProxy;
			containerPortal = 95B4CDE4190301910013A259 /* Project object */;
			proxyType = 1;
			remoteGlobalIDString = 95B4CDEB190301910013A259;
			remoteInfo = "PR: Personal Record Keeper";
		};
		95D8276120FBE0BE00CB79F9 /* PBXContainerItemProxy */ = {
			isa = PBXContainerItemProxy;
			containerPortal = 95D8275C20FBE0BE00CB79F9 /* Charts.xcodeproj */;
			proxyType = 2;
			remoteGlobalIDString = 65AD9E95D9ED4DC0BD73A743;
			remoteInfo = Charts;
		};
		95D8276320FBE0BE00CB79F9 /* PBXContainerItemProxy */ = {
			isa = PBXContainerItemProxy;
			containerPortal = 95D8275C20FBE0BE00CB79F9 /* Charts.xcodeproj */;
			proxyType = 2;
			remoteGlobalIDString = 1CBBC58C6CE1EBEE9852CE41;
			remoteInfo = ChartsTests;
		};
		95D827CE210BE6F400CB79F9 /* PBXContainerItemProxy */ = {
			isa = PBXContainerItemProxy;
			containerPortal = 95D827C9210BE6F300CB79F9 /* Charts.xcodeproj */;
			proxyType = 2;
			remoteGlobalIDString = 65AD9E95D9ED4DC0BD73A743;
			remoteInfo = Charts;
		};
		95D827D0210BE6F400CB79F9 /* PBXContainerItemProxy */ = {
			isa = PBXContainerItemProxy;
			containerPortal = 95D827C9210BE6F300CB79F9 /* Charts.xcodeproj */;
			proxyType = 2;
			remoteGlobalIDString = 1CBBC58C6CE1EBEE9852CE41;
			remoteInfo = ChartsTests;
		};
		95D827D4210BE72100CB79F9 /* PBXContainerItemProxy */ = {
			isa = PBXContainerItemProxy;
			containerPortal = 95D827C9210BE6F300CB79F9 /* Charts.xcodeproj */;
			proxyType = 1;
			remoteGlobalIDString = A58A4ED274A941CA248EA921;
			remoteInfo = Charts;
		};
/* End PBXContainerItemProxy section */

/* Begin PBXCopyFilesBuildPhase section */
		95D827D6210BE72100CB79F9 /* Embed Frameworks */ = {
			isa = PBXCopyFilesBuildPhase;
			buildActionMask = 2147483647;
			dstPath = "";
			dstSubfolderSpec = 10;
			files = (
				95D827D3210BE72100CB79F9 /* Charts.framework in Embed Frameworks */,
			);
			name = "Embed Frameworks";
			runOnlyForDeploymentPostprocessing = 0;
		};
/* End PBXCopyFilesBuildPhase section */

/* Begin PBXFileReference section */
		95054FEE19158A6C00CFEC7A /* Types.plist */ = {isa = PBXFileReference; fileEncoding = 4; lastKnownFileType = text.plist.xml; path = Types.plist; sourceTree = "<group>"; };
		9510DC0B20D3137400F0D432 /* Assets.xcassets */ = {isa = PBXFileReference; lastKnownFileType = folder.assetcatalog; path = Assets.xcassets; sourceTree = "<group>"; };
		9510DC0F20D33B5D00F0D432 /* NewRecordViewController.swift */ = {isa = PBXFileReference; lastKnownFileType = sourcecode.swift; path = NewRecordViewController.swift; sourceTree = "<group>"; };
		9510DC1120D56C6100F0D432 /* Normal.xib */ = {isa = PBXFileReference; lastKnownFileType = file.xib; path = Normal.xib; sourceTree = "<group>"; };
		951AD56A20EE8ADA0086E0CA /* Dictionary+SortedKeys.swift */ = {isa = PBXFileReference; lastKnownFileType = sourcecode.swift; path = "Dictionary+SortedKeys.swift"; sourceTree = "<group>"; };
		951AD56C20EE8E1B0086E0CA /* Record+CoreDataClass.swift */ = {isa = PBXFileReference; lastKnownFileType = sourcecode.swift; path = "Record+CoreDataClass.swift"; sourceTree = "<group>"; };
		951AD56D20EE8E1B0086E0CA /* Record+CoreDataProperties.swift */ = {isa = PBXFileReference; lastKnownFileType = sourcecode.swift; path = "Record+CoreDataProperties.swift"; sourceTree = "<group>"; };
		951B7A882114BC4800F87A4E /* BigTextView.xib */ = {isa = PBXFileReference; lastKnownFileType = file.xib; path = BigTextView.xib; sourceTree = "<group>"; };
		951B7A8B21177F7700F87A4E /* PRModel 3.1.xcdatamodel */ = {isa = PBXFileReference; lastKnownFileType = wrapper.xcdatamodel; path = "PRModel 3.1.xcdatamodel"; sourceTree = "<group>"; };
		9529F66520EEC1EB00702C51 /* CoreDataManager.swift */ = {isa = PBXFileReference; lastKnownFileType = sourcecode.swift; path = CoreDataManager.swift; sourceTree = "<group>"; };
		9529F66720EED2B900702C51 /* RecordCell.swift */ = {isa = PBXFileReference; lastKnownFileType = sourcecode.swift; path = RecordCell.swift; sourceTree = "<group>"; };
		95481B3F20A53A500099A1CF /* MappingModel.xcmappingmodel */ = {isa = PBXFileReference; lastKnownFileType = wrapper.xcmappingmodel; path = MappingModel.xcmappingmodel; sourceTree = "<group>"; };
		954B4182207BE5D7006115B0 /* Main.storyboard */ = {isa = PBXFileReference; lastKnownFileType = file.storyboard; path = Main.storyboard; sourceTree = "<group>"; };
		954B4184207C0B7B006115B0 /* PRModel 3.0.xcdatamodel */ = {isa = PBXFileReference; lastKnownFileType = wrapper.xcdatamodel; path = "PRModel 3.0.xcdatamodel"; sourceTree = "<group>"; };
		954F726B195DFEA90098B56A /* PRModel 1.1 (with history).xcdatamodel */ = {isa = PBXFileReference; lastKnownFileType = wrapper.xcdatamodel; path = "PRModel 1.1 (with history).xcdatamodel"; sourceTree = "<group>"; };
		957771D620A7D4E80034172D /* CurrentToRecord.swift */ = {isa = PBXFileReference; lastKnownFileType = sourcecode.swift; path = CurrentToRecord.swift; sourceTree = "<group>"; };
		957DB40E20A9BE7600639598 /* DistancesToLengths.swift */ = {isa = PBXFileReference; lastKnownFileType = sourcecode.swift; path = DistancesToLengths.swift; sourceTree = "<group>"; };
		9586696C20C9BFC90012C95D /* RecordCellContentView.swift */ = {isa = PBXFileReference; lastKnownFileType = sourcecode.swift; path = RecordCellContentView.swift; sourceTree = "<group>"; };
		958C62C920D56DEC005EB1EE /* TextField.xib */ = {isa = PBXFileReference; lastKnownFileType = file.xib; path = TextField.xib; sourceTree = "<group>"; };
		958C62CB20D56E68005EB1EE /* DatePicker.xib */ = {isa = PBXFileReference; lastKnownFileType = file.xib; path = DatePicker.xib; sourceTree = "<group>"; };
		958C62CD20D56F69005EB1EE /* ValuePicker.xib */ = {isa = PBXFileReference; lastKnownFileType = file.xib; path = ValuePicker.xib; sourceTree = "<group>"; };
		958C62CF20D570D1005EB1EE /* CellDescriptor.plist */ = {isa = PBXFileReference; fileEncoding = 4; lastKnownFileType = text.plist.xml; path = CellDescriptor.plist; sourceTree = "<group>"; };
		958C62D120D579A6005EB1EE /* TimeComponent.xib */ = {isa = PBXFileReference; lastKnownFileType = file.xib; path = TimeComponent.xib; sourceTree = "<group>"; };
		95A061B920DCAC9D00795E9C /* CustomCell.swift */ = {isa = PBXFileReference; fileEncoding = 4; lastKnownFileType = sourcecode.swift; path = CustomCell.swift; sourceTree = "<group>"; };
		95B4CDEC190301910013A259 /* PR: Personal Record Keeper.app */ = {isa = PBXFileReference; explicitFileType = wrapper.application; includeInIndex = 0; path = "PR: Personal Record Keeper.app"; sourceTree = BUILT_PRODUCTS_DIR; };
		95B4CDEF190301910013A259 /* Foundation.framework */ = {isa = PBXFileReference; lastKnownFileType = wrapper.framework; name = Foundation.framework; path = System/Library/Frameworks/Foundation.framework; sourceTree = SDKROOT; };
		95B4CDF1190301910013A259 /* CoreGraphics.framework */ = {isa = PBXFileReference; lastKnownFileType = wrapper.framework; name = CoreGraphics.framework; path = System/Library/Frameworks/CoreGraphics.framework; sourceTree = SDKROOT; };
		95B4CDF3190301910013A259 /* UIKit.framework */ = {isa = PBXFileReference; lastKnownFileType = wrapper.framework; name = UIKit.framework; path = System/Library/Frameworks/UIKit.framework; sourceTree = SDKROOT; };
		95B4CDF7190301910013A259 /* PR: Personal Record Keeper-Info.plist */ = {isa = PBXFileReference; lastKnownFileType = text.plist.xml; path = "PR: Personal Record Keeper-Info.plist"; sourceTree = "<group>"; };
		95B4CDFD190301910013A259 /* PR: Personal Record Keeper-Prefix.pch */ = {isa = PBXFileReference; lastKnownFileType = sourcecode.c.h; path = "PR: Personal Record Keeper-Prefix.pch"; sourceTree = "<group>"; };
		95B4CE0D190301910013A259 /* Images.xcassets */ = {isa = PBXFileReference; lastKnownFileType = folder.assetcatalog; path = Images.xcassets; sourceTree = "<group>"; };
		95B4CE13190301910013A259 /* PR: Personal Record KeeperTests.xctest */ = {isa = PBXFileReference; explicitFileType = wrapper.cfbundle; includeInIndex = 0; path = "PR: Personal Record KeeperTests.xctest"; sourceTree = BUILT_PRODUCTS_DIR; };
		95B4CE1C190301910013A259 /* PR: Personal Record KeeperTests-Info.plist */ = {isa = PBXFileReference; lastKnownFileType = text.plist.xml; path = "PR: Personal Record KeeperTests-Info.plist"; sourceTree = "<group>"; };
		95B4CE1E190301910013A259 /* en */ = {isa = PBXFileReference; lastKnownFileType = text.plist.strings; name = en; path = en.lproj/InfoPlist.strings; sourceTree = "<group>"; };
		95B4CE431904A0E80013A259 /* CoreData.framework */ = {isa = PBXFileReference; lastKnownFileType = wrapper.framework; name = CoreData.framework; path = System/Library/Frameworks/CoreData.framework; sourceTree = SDKROOT; };
		95B4CE461904A13F0013A259 /* PRModel.xcdatamodel */ = {isa = PBXFileReference; lastKnownFileType = wrapper.xcdatamodel; path = PRModel.xcdatamodel; sourceTree = "<group>"; };
		95B4CE5719058D9C0013A259 /* InfoPlist.strings */ = {isa = PBXFileReference; fileEncoding = 4; lastKnownFileType = text.plist.strings; path = InfoPlist.strings; sourceTree = "<group>"; };
		95C083961B0D15E600741915 /* Launch Screen.xib */ = {isa = PBXFileReference; fileEncoding = 4; lastKnownFileType = file.xib; path = "Launch Screen.xib"; sourceTree = "<group>"; };
		95D05D141930EF8D0050A88C /* QuartzCore.framework */ = {isa = PBXFileReference; lastKnownFileType = wrapper.framework; name = QuartzCore.framework; path = System/Library/Frameworks/QuartzCore.framework; sourceTree = SDKROOT; };
		95D05D1C193397090050A88C /* MessageUI.framework */ = {isa = PBXFileReference; lastKnownFileType = wrapper.framework; name = MessageUI.framework; path = System/Library/Frameworks/MessageUI.framework; sourceTree = SDKROOT; };
		95D8275120F8391600CB79F9 /* RecordDetailViewController.swift */ = {isa = PBXFileReference; lastKnownFileType = sourcecode.swift; path = RecordDetailViewController.swift; sourceTree = "<group>"; };
		95D8275320F9444E00CB79F9 /* RoundedRectView.swift */ = {isa = PBXFileReference; lastKnownFileType = sourcecode.swift; path = RoundedRectView.swift; sourceTree = "<group>"; };
		95D8275720F9475C00CB79F9 /* RecordDetailScrollView.swift */ = {isa = PBXFileReference; lastKnownFileType = sourcecode.swift; path = RecordDetailScrollView.swift; sourceTree = "<group>"; };
		95D8275920F9691B00CB79F9 /* CustomColors.swift */ = {isa = PBXFileReference; lastKnownFileType = sourcecode.swift; path = CustomColors.swift; sourceTree = "<group>"; };
		95D8275C20FBE0BE00CB79F9 /* Charts.xcodeproj */ = {isa = PBXFileReference; lastKnownFileType = "wrapper.pb-project"; name = Charts.xcodeproj; path = "../../../Downloads/Charts-master/Charts.xcodeproj"; sourceTree = "<group>"; };
		95D8279C20FEBD8B00CB79F9 /* TimeValueFormatter.swift */ = {isa = PBXFileReference; lastKnownFileType = sourcecode.swift; path = TimeValueFormatter.swift; sourceTree = "<group>"; };
		95D8279E20FEC17600CB79F9 /* PR: Personal Record KeeperTests-Bridging-Header.h */ = {isa = PBXFileReference; lastKnownFileType = sourcecode.c.h; path = "PR: Personal Record KeeperTests-Bridging-Header.h"; sourceTree = "<group>"; };
		95D8279F20FEC17600CB79F9 /* PersonalRecordKeeperTests.swift */ = {isa = PBXFileReference; lastKnownFileType = sourcecode.swift; path = PersonalRecordKeeperTests.swift; sourceTree = "<group>"; };
		95D827A320FFC7C600CB79F9 /* DateValueFormatter.swift */ = {isa = PBXFileReference; lastKnownFileType = sourcecode.swift; path = DateValueFormatter.swift; sourceTree = "<group>"; };
		95D827A52102869F00CB79F9 /* BalloonMarker.swift */ = {isa = PBXFileReference; fileEncoding = 4; lastKnownFileType = sourcecode.swift; path = BalloonMarker.swift; sourceTree = "<group>"; };
		95D827AA2108E59600CB79F9 /* UIImage+RecordType.swift */ = {isa = PBXFileReference; lastKnownFileType = sourcecode.swift; path = "UIImage+RecordType.swift"; sourceTree = "<group>"; };
		95D827B12109121B00CB79F9 /* OldRecordsTableViewController.swift */ = {isa = PBXFileReference; lastKnownFileType = sourcecode.swift; path = OldRecordsTableViewController.swift; sourceTree = "<group>"; };
		95D827B3210912FE00CB79F9 /* OldRecordCell.swift */ = {isa = PBXFileReference; lastKnownFileType = sourcecode.swift; path = OldRecordCell.swift; sourceTree = "<group>"; };
		95D827C9210BE6F300CB79F9 /* Charts.xcodeproj */ = {isa = PBXFileReference; lastKnownFileType = "wrapper.pb-project"; name = Charts.xcodeproj; path = "../../../Desktop/Project Files/Libraries/Charts-master/Charts.xcodeproj"; sourceTree = "<group>"; };
		95D9FF6820C1F78400FAEFC2 /* RecordTableViewController.swift */ = {isa = PBXFileReference; lastKnownFileType = sourcecode.swift; path = RecordTableViewController.swift; sourceTree = "<group>"; };
		95D9FF6A20C1FB5C00FAEFC2 /* PreviousToRecord.swift */ = {isa = PBXFileReference; lastKnownFileType = sourcecode.swift; path = PreviousToRecord.swift; sourceTree = "<group>"; };
		95ED8369208D6805002FEAE8 /* AppDelegate.swift */ = {isa = PBXFileReference; lastKnownFileType = sourcecode.swift; path = AppDelegate.swift; sourceTree = "<group>"; };
		95ED836C208D79CA002FEAE8 /* PR- Personal Record Keeper-Bridging-Header.h */ = {isa = PBXFileReference; lastKnownFileType = sourcecode.c.h; path = "PR- Personal Record Keeper-Bridging-Header.h"; sourceTree = "<group>"; };
/* End PBXFileReference section */

/* Begin PBXFrameworksBuildPhase section */
		95B4CDE9190301910013A259 /* Frameworks */ = {
			isa = PBXFrameworksBuildPhase;
			buildActionMask = 2147483647;
			files = (
				95D05D1D193397090050A88C /* MessageUI.framework in Frameworks */,
				95D05D151930EF8D0050A88C /* QuartzCore.framework in Frameworks */,
				95B4CE441904A0E80013A259 /* CoreData.framework in Frameworks */,
				95D827D2210BE72100CB79F9 /* Charts.framework in Frameworks */,
				95B4CDF2190301910013A259 /* CoreGraphics.framework in Frameworks */,
				95B4CDF4190301910013A259 /* UIKit.framework in Frameworks */,
				95B4CDF0190301910013A259 /* Foundation.framework in Frameworks */,
			);
			runOnlyForDeploymentPostprocessing = 0;
		};
		95B4CE10190301910013A259 /* Frameworks */ = {
			isa = PBXFrameworksBuildPhase;
			buildActionMask = 2147483647;
			files = (
				95B4CE17190301910013A259 /* UIKit.framework in Frameworks */,
				95B4CE16190301910013A259 /* Foundation.framework in Frameworks */,
			);
			runOnlyForDeploymentPostprocessing = 0;
		};
/* End PBXFrameworksBuildPhase section */

/* Begin PBXGroup section */
		9510DC1320D56C6900F0D432 /* Custom Cells */ = {
			isa = PBXGroup;
			children = (
				9510DC1120D56C6100F0D432 /* Normal.xib */,
				958C62C920D56DEC005EB1EE /* TextField.xib */,
				958C62D120D579A6005EB1EE /* TimeComponent.xib */,
				958C62CB20D56E68005EB1EE /* DatePicker.xib */,
				958C62CD20D56F69005EB1EE /* ValuePicker.xib */,
				951B7A882114BC4800F87A4E /* BigTextView.xib */,
				95A061B920DCAC9D00795E9C /* CustomCell.swift */,
			);
			name = "Custom Cells";
			sourceTree = "<group>";
		};
		95481B4320A5459F0099A1CF /* Controller */ = {
			isa = PBXGroup;
			children = (
				9529F66520EEC1EB00702C51 /* CoreDataManager.swift */,
				95D9FF6820C1F78400FAEFC2 /* RecordTableViewController.swift */,
				9510DC0F20D33B5D00F0D432 /* NewRecordViewController.swift */,
				95D8275120F8391600CB79F9 /* RecordDetailViewController.swift */,
				95D827B12109121B00CB79F9 /* OldRecordsTableViewController.swift */,
			);
			name = Controller;
			sourceTree = "<group>";
		};
		95481B4420A545A70099A1CF /* View */ = {
			isa = PBXGroup;
			children = (
				954B4182207BE5D7006115B0 /* Main.storyboard */,
				95C083961B0D15E600741915 /* Launch Screen.xib */,
				95D827A120FFC34700CB79F9 /* View Subclasses */,
				95D8279C20FEBD8B00CB79F9 /* TimeValueFormatter.swift */,
				95D827A320FFC7C600CB79F9 /* DateValueFormatter.swift */,
				95D827AA2108E59600CB79F9 /* UIImage+RecordType.swift */,
				95B4CE0D190301910013A259 /* Images.xcassets */,
				9510DC0B20D3137400F0D432 /* Assets.xcassets */,
				9510DC1320D56C6900F0D432 /* Custom Cells */,
				958C62CF20D570D1005EB1EE /* CellDescriptor.plist */,
			);
			name = View;
			sourceTree = "<group>";
		};
		95A0FB1220A545F3007E8756 /* Model */ = {
			isa = PBXGroup;
			children = (
				95D827A220FFC35F00CB79F9 /* Core Data Management */,
				957DB40E20A9BE7600639598 /* DistancesToLengths.swift */,
				951AD56A20EE8ADA0086E0CA /* Dictionary+SortedKeys.swift */,
				95D8275920F9691B00CB79F9 /* CustomColors.swift */,
			);
			name = Model;
			sourceTree = "<group>";
		};
		95B4CDE3190301910013A259 = {
			isa = PBXGroup;
			children = (
				95ED836C208D79CA002FEAE8 /* PR- Personal Record Keeper-Bridging-Header.h */,
				95B4CDF5190301910013A259 /* PR: Personal Record Keeper */,
				95D827C9210BE6F300CB79F9 /* Charts.xcodeproj */,
				95B4CE1A190301910013A259 /* PR: Personal Record KeeperTests */,
				95B4CDEE190301910013A259 /* Frameworks */,
				95B4CDED190301910013A259 /* Products */,
			);
			sourceTree = "<group>";
		};
		95B4CDED190301910013A259 /* Products */ = {
			isa = PBXGroup;
			children = (
				95B4CDEC190301910013A259 /* PR: Personal Record Keeper.app */,
				95B4CE13190301910013A259 /* PR: Personal Record KeeperTests.xctest */,
			);
			name = Products;
			sourceTree = "<group>";
		};
		95B4CDEE190301910013A259 /* Frameworks */ = {
			isa = PBXGroup;
			children = (
				95D05D1C193397090050A88C /* MessageUI.framework */,
				95D05D141930EF8D0050A88C /* QuartzCore.framework */,
				95B4CE431904A0E80013A259 /* CoreData.framework */,
				95B4CDEF190301910013A259 /* Foundation.framework */,
				95B4CDF1190301910013A259 /* CoreGraphics.framework */,
				95B4CDF3190301910013A259 /* UIKit.framework */,
			);
			name = Frameworks;
			sourceTree = "<group>";
		};
		95B4CDF5190301910013A259 /* PR: Personal Record Keeper */ = {
			isa = PBXGroup;
			children = (
				95ED8369208D6805002FEAE8 /* AppDelegate.swift */,
				95A0FB1220A545F3007E8756 /* Model */,
				95481B4420A545A70099A1CF /* View */,
				95481B4320A5459F0099A1CF /* Controller */,
				95B4CDF6190301910013A259 /* Supporting Files */,
			);
			path = "PR: Personal Record Keeper";
			sourceTree = "<group>";
		};
		95B4CDF6190301910013A259 /* Supporting Files */ = {
			isa = PBXGroup;
			children = (
				95B4CDF7190301910013A259 /* PR: Personal Record Keeper-Info.plist */,
				95B4CE5719058D9C0013A259 /* InfoPlist.strings */,
				95B4CDFD190301910013A259 /* PR: Personal Record Keeper-Prefix.pch */,
			);
			name = "Supporting Files";
			sourceTree = "<group>";
		};
		95B4CE1A190301910013A259 /* PR: Personal Record KeeperTests */ = {
			isa = PBXGroup;
			children = (
				95D8279F20FEC17600CB79F9 /* PersonalRecordKeeperTests.swift */,
				95B4CE1B190301910013A259 /* Supporting Files */,
				95D8279E20FEC17600CB79F9 /* PR: Personal Record KeeperTests-Bridging-Header.h */,
			);
			path = "PR: Personal Record KeeperTests";
			sourceTree = "<group>";
		};
		95B4CE1B190301910013A259 /* Supporting Files */ = {
			isa = PBXGroup;
			children = (
				95B4CE1C190301910013A259 /* PR: Personal Record KeeperTests-Info.plist */,
				95B4CE1D190301910013A259 /* InfoPlist.strings */,
			);
			name = "Supporting Files";
			sourceTree = "<group>";
		};
		95D8275D20FBE0BE00CB79F9 /* Products */ = {
			isa = PBXGroup;
			children = (
				95D8276220FBE0BE00CB79F9 /* Charts.framework */,
				95D8276420FBE0BE00CB79F9 /* ChartsTests.xctest */,
			);
			name = Products;
			sourceTree = "<group>";
		};
		95D827A120FFC34700CB79F9 /* View Subclasses */ = {
			isa = PBXGroup;
			children = (
				95D8275320F9444E00CB79F9 /* RoundedRectView.swift */,
				9586696C20C9BFC90012C95D /* RecordCellContentView.swift */,
				9529F66720EED2B900702C51 /* RecordCell.swift */,
				95D827B3210912FE00CB79F9 /* OldRecordCell.swift */,
				95D8275720F9475C00CB79F9 /* RecordDetailScrollView.swift */,
				95D827A52102869F00CB79F9 /* BalloonMarker.swift */,
			);
			name = "View Subclasses";
			sourceTree = "<group>";
		};
		95D827A220FFC35F00CB79F9 /* Core Data Management */ = {
			isa = PBXGroup;
			children = (
				95B4CE451904A13F0013A259 /* PRModel.xcdatamodeld */,
				95481B3F20A53A500099A1CF /* MappingModel.xcmappingmodel */,
				951AD56C20EE8E1B0086E0CA /* Record+CoreDataClass.swift */,
				951AD56D20EE8E1B0086E0CA /* Record+CoreDataProperties.swift */,
				95054FEE19158A6C00CFEC7A /* Types.plist */,
				957771D620A7D4E80034172D /* CurrentToRecord.swift */,
				95D9FF6A20C1FB5C00FAEFC2 /* PreviousToRecord.swift */,
			);
			name = "Core Data Management";
			sourceTree = "<group>";
		};
		95D827CA210BE6F300CB79F9 /* Products */ = {
			isa = PBXGroup;
			children = (
				95D827CF210BE6F400CB79F9 /* Charts.framework */,
				95D827D1210BE6F400CB79F9 /* ChartsTests.xctest */,
			);
			name = Products;
			sourceTree = "<group>";
		};
/* End PBXGroup section */

/* Begin PBXNativeTarget section */
		95B4CDEB190301910013A259 /* PR: Personal Record Keeper */ = {
			isa = PBXNativeTarget;
			buildConfigurationList = 95B4CE24190301910013A259 /* Build configuration list for PBXNativeTarget "PR: Personal Record Keeper" */;
			buildPhases = (
				95B4CDE8190301910013A259 /* Sources */,
				95B4CDE9190301910013A259 /* Frameworks */,
				95B4CDEA190301910013A259 /* Resources */,
				95D827D6210BE72100CB79F9 /* Embed Frameworks */,
			);
			buildRules = (
			);
			dependencies = (
				95D827D5210BE72100CB79F9 /* PBXTargetDependency */,
			);
			name = "PR: Personal Record Keeper";
			productName = "PR: Personal Record Keeper";
			productReference = 95B4CDEC190301910013A259 /* PR: Personal Record Keeper.app */;
			productType = "com.apple.product-type.application";
		};
		95B4CE12190301910013A259 /* PR: Personal Record KeeperTests */ = {
			isa = PBXNativeTarget;
			buildConfigurationList = 95B4CE27190301910013A259 /* Build configuration list for PBXNativeTarget "PR: Personal Record KeeperTests" */;
			buildPhases = (
				95B4CE0F190301910013A259 /* Sources */,
				95B4CE10190301910013A259 /* Frameworks */,
				95B4CE11190301910013A259 /* Resources */,
			);
			buildRules = (
			);
			dependencies = (
				95B4CE19190301910013A259 /* PBXTargetDependency */,
			);
			name = "PR: Personal Record KeeperTests";
			productName = "PR: Personal Record KeeperTests";
			productReference = 95B4CE13190301910013A259 /* PR: Personal Record KeeperTests.xctest */;
			productType = "com.apple.product-type.bundle.unit-test";
		};
/* End PBXNativeTarget section */

/* Begin PBXProject section */
		95B4CDE4190301910013A259 /* Project object */ = {
			isa = PBXProject;
			attributes = {
				CLASSPREFIX = MG;
				LastUpgradeCheck = 0930;
				ORGANIZATIONNAME = "Michael Ginn";
				TargetAttributes = {
					95B4CDEB190301910013A259 = {
						DevelopmentTeam = 9GVS3YU4CR;
						LastSwiftMigration = 1000;
					};
					95B4CE12190301910013A259 = {
						LastSwiftMigration = 1000;
						TestTargetID = 95B4CDEB190301910013A259;
					};
				};
			};
			buildConfigurationList = 95B4CDE7190301910013A259 /* Build configuration list for PBXProject "PR: Personal Record Keeper" */;
			compatibilityVersion = "Xcode 3.2";
			developmentRegion = English;
			hasScannedForEncodings = 0;
			knownRegions = (
				en,
				Base,
			);
			mainGroup = 95B4CDE3190301910013A259;
			productRefGroup = 95B4CDED190301910013A259 /* Products */;
			projectDirPath = "";
			projectReferences = (
				{
					ProductGroup = 95D8275D20FBE0BE00CB79F9 /* Products */;
					ProjectRef = 95D8275C20FBE0BE00CB79F9 /* Charts.xcodeproj */;
				},
				{
					ProductGroup = 95D827CA210BE6F300CB79F9 /* Products */;
					ProjectRef = 95D827C9210BE6F300CB79F9 /* Charts.xcodeproj */;
				},
			);
			projectRoot = "";
			targets = (
				95B4CDEB190301910013A259 /* PR: Personal Record Keeper */,
				95B4CE12190301910013A259 /* PR: Personal Record KeeperTests */,
			);
		};
/* End PBXProject section */

/* Begin PBXReferenceProxy section */
		95D8276220FBE0BE00CB79F9 /* Charts.framework */ = {
			isa = PBXReferenceProxy;
			fileType = wrapper.framework;
			path = Charts.framework;
			remoteRef = 95D8276120FBE0BE00CB79F9 /* PBXContainerItemProxy */;
			sourceTree = BUILT_PRODUCTS_DIR;
		};
		95D8276420FBE0BE00CB79F9 /* ChartsTests.xctest */ = {
			isa = PBXReferenceProxy;
			fileType = wrapper.cfbundle;
			path = ChartsTests.xctest;
			remoteRef = 95D8276320FBE0BE00CB79F9 /* PBXContainerItemProxy */;
			sourceTree = BUILT_PRODUCTS_DIR;
		};
		95D827CF210BE6F400CB79F9 /* Charts.framework */ = {
			isa = PBXReferenceProxy;
			fileType = wrapper.framework;
			path = Charts.framework;
			remoteRef = 95D827CE210BE6F400CB79F9 /* PBXContainerItemProxy */;
			sourceTree = BUILT_PRODUCTS_DIR;
		};
		95D827D1210BE6F400CB79F9 /* ChartsTests.xctest */ = {
			isa = PBXReferenceProxy;
			fileType = wrapper.cfbundle;
			path = ChartsTests.xctest;
			remoteRef = 95D827D0210BE6F400CB79F9 /* PBXContainerItemProxy */;
			sourceTree = BUILT_PRODUCTS_DIR;
		};
/* End PBXReferenceProxy section */

/* Begin PBXResourcesBuildPhase section */
		95B4CDEA190301910013A259 /* Resources */ = {
			isa = PBXResourcesBuildPhase;
			buildActionMask = 2147483647;
			files = (
				95B4CE0E190301910013A259 /* Images.xcassets in Resources */,
				95B4CE5819058D9C0013A259 /* InfoPlist.strings in Resources */,
				958C62D220D579A6005EB1EE /* TimeComponent.xib in Resources */,
				9510DC1220D56C6100F0D432 /* Normal.xib in Resources */,
				958C62D020D570D1005EB1EE /* CellDescriptor.plist in Resources */,
				954B4183207BE5D7006115B0 /* Main.storyboard in Resources */,
				958C62CC20D56E68005EB1EE /* DatePicker.xib in Resources */,
				958C62CA20D56DEC005EB1EE /* TextField.xib in Resources */,
				951B7A892114BC4800F87A4E /* BigTextView.xib in Resources */,
				95C083971B0D15E600741915 /* Launch Screen.xib in Resources */,
				95054FEF19158A6C00CFEC7A /* Types.plist in Resources */,
				958C62CE20D56F69005EB1EE /* ValuePicker.xib in Resources */,
				9510DC0C20D3137400F0D432 /* Assets.xcassets in Resources */,
			);
			runOnlyForDeploymentPostprocessing = 0;
		};
		95B4CE11190301910013A259 /* Resources */ = {
			isa = PBXResourcesBuildPhase;
			buildActionMask = 2147483647;
			files = (
				95B4CE1F190301910013A259 /* InfoPlist.strings in Resources */,
			);
			runOnlyForDeploymentPostprocessing = 0;
		};
/* End PBXResourcesBuildPhase section */

/* Begin PBXSourcesBuildPhase section */
		95B4CDE8190301910013A259 /* Sources */ = {
			isa = PBXSourcesBuildPhase;
			buildActionMask = 2147483647;
			files = (
				951AD56F20EE8E1B0086E0CA /* Record+CoreDataProperties.swift in Sources */,
				957DB40F20A9BE7600639598 /* DistancesToLengths.swift in Sources */,
				95D9FF6920C1F78400FAEFC2 /* RecordTableViewController.swift in Sources */,
				95D8275420F9444E00CB79F9 /* RoundedRectView.swift in Sources */,
				95B4CE471904A13F0013A259 /* PRModel.xcdatamodeld in Sources */,
				9510DC1020D33B5D00F0D432 /* NewRecordViewController.swift in Sources */,
				957771D720A7D4E80034172D /* CurrentToRecord.swift in Sources */,
				95D8279D20FEBD8B00CB79F9 /* TimeValueFormatter.swift in Sources */,
				95D8275820F9475C00CB79F9 /* RecordDetailScrollView.swift in Sources */,
				951AD56B20EE8ADA0086E0CA /* Dictionary+SortedKeys.swift in Sources */,
				95A061BA20DCAC9D00795E9C /* CustomCell.swift in Sources */,
				95D8275220F8391600CB79F9 /* RecordDetailViewController.swift in Sources */,
				951AD56E20EE8E1B0086E0CA /* Record+CoreDataClass.swift in Sources */,
				9529F66620EEC1EB00702C51 /* CoreDataManager.swift in Sources */,
				95D827B22109121B00CB79F9 /* OldRecordsTableViewController.swift in Sources */,
				95D827B4210912FE00CB79F9 /* OldRecordCell.swift in Sources */,
				95D827A420FFC7C600CB79F9 /* DateValueFormatter.swift in Sources */,
				95D827AB2108E59600CB79F9 /* UIImage+RecordType.swift in Sources */,
				95D827A62102869F00CB79F9 /* BalloonMarker.swift in Sources */,
				95481B4020A53A500099A1CF /* MappingModel.xcmappingmodel in Sources */,
				95D9FF6B20C1FB5C00FAEFC2 /* PreviousToRecord.swift in Sources */,
				95ED836A208D6805002FEAE8 /* AppDelegate.swift in Sources */,
				95D8275A20F9691B00CB79F9 /* CustomColors.swift in Sources */,
				9529F66820EED2B900702C51 /* RecordCell.swift in Sources */,
				9586696D20C9BFC90012C95D /* RecordCellContentView.swift in Sources */,
			);
			runOnlyForDeploymentPostprocessing = 0;
		};
		95B4CE0F190301910013A259 /* Sources */ = {
			isa = PBXSourcesBuildPhase;
			buildActionMask = 2147483647;
			files = (
				95D827A020FEC17600CB79F9 /* PersonalRecordKeeperTests.swift in Sources */,
			);
			runOnlyForDeploymentPostprocessing = 0;
		};
/* End PBXSourcesBuildPhase section */

/* Begin PBXTargetDependency section */
		95B4CE19190301910013A259 /* PBXTargetDependency */ = {
			isa = PBXTargetDependency;
			target = 95B4CDEB190301910013A259 /* PR: Personal Record Keeper */;
			targetProxy = 95B4CE18190301910013A259 /* PBXContainerItemProxy */;
		};
		95D827D5210BE72100CB79F9 /* PBXTargetDependency */ = {
			isa = PBXTargetDependency;
			name = Charts;
			targetProxy = 95D827D4210BE72100CB79F9 /* PBXContainerItemProxy */;
		};
/* End PBXTargetDependency section */

/* Begin PBXVariantGroup section */
		95B4CE1D190301910013A259 /* InfoPlist.strings */ = {
			isa = PBXVariantGroup;
			children = (
				95B4CE1E190301910013A259 /* en */,
			);
			name = InfoPlist.strings;
			sourceTree = "<group>";
		};
/* End PBXVariantGroup section */

/* Begin XCBuildConfiguration section */
		95B4CE22190301910013A259 /* Debug */ = {
			isa = XCBuildConfiguration;
			buildSettings = {
				ALWAYS_SEARCH_USER_PATHS = NO;
				CLANG_CXX_LANGUAGE_STANDARD = "gnu++0x";
				CLANG_CXX_LIBRARY = "libc++";
				CLANG_ENABLE_MODULES = YES;
				CLANG_ENABLE_OBJC_ARC = YES;
				CLANG_WARN_BLOCK_CAPTURE_AUTORELEASING = YES;
				CLANG_WARN_BOOL_CONVERSION = YES;
				CLANG_WARN_COMMA = YES;
				CLANG_WARN_CONSTANT_CONVERSION = YES;
				CLANG_WARN_DEPRECATED_OBJC_IMPLEMENTATIONS = YES;
				CLANG_WARN_DIRECT_OBJC_ISA_USAGE = YES_ERROR;
				CLANG_WARN_EMPTY_BODY = YES;
				CLANG_WARN_ENUM_CONVERSION = YES;
				CLANG_WARN_INFINITE_RECURSION = YES;
				CLANG_WARN_INT_CONVERSION = YES;
				CLANG_WARN_NON_LITERAL_NULL_CONVERSION = YES;
				CLANG_WARN_OBJC_IMPLICIT_RETAIN_SELF = YES;
				CLANG_WARN_OBJC_LITERAL_CONVERSION = YES;
				CLANG_WARN_OBJC_ROOT_CLASS = YES_ERROR;
				CLANG_WARN_RANGE_LOOP_ANALYSIS = YES;
				CLANG_WARN_STRICT_PROTOTYPES = YES;
				CLANG_WARN_SUSPICIOUS_MOVE = YES;
				CLANG_WARN_UNREACHABLE_CODE = YES;
				CLANG_WARN__DUPLICATE_METHOD_MATCH = YES;
				"CODE_SIGN_IDENTITY[sdk=iphoneos*]" = "iPhone Developer";
				COPY_PHASE_STRIP = NO;
				ENABLE_STRICT_OBJC_MSGSEND = YES;
				ENABLE_TESTABILITY = YES;
				GCC_C_LANGUAGE_STANDARD = gnu99;
				GCC_DYNAMIC_NO_PIC = NO;
				GCC_NO_COMMON_BLOCKS = YES;
				GCC_OPTIMIZATION_LEVEL = 0;
				GCC_PREPROCESSOR_DEFINITIONS = (
					"DEBUG=1",
					"$(inherited)",
				);
				GCC_SYMBOLS_PRIVATE_EXTERN = NO;
				GCC_WARN_64_TO_32_BIT_CONVERSION = YES;
				GCC_WARN_ABOUT_RETURN_TYPE = YES_ERROR;
				GCC_WARN_UNDECLARED_SELECTOR = YES;
				GCC_WARN_UNINITIALIZED_AUTOS = YES_AGGRESSIVE;
				GCC_WARN_UNUSED_FUNCTION = YES;
				GCC_WARN_UNUSED_VARIABLE = YES;
				IPHONEOS_DEPLOYMENT_TARGET = 8.0;
				ONLY_ACTIVE_ARCH = YES;
				SDKROOT = iphoneos;
				TARGETED_DEVICE_FAMILY = "1,2";
				VALIDATE_PRODUCT = YES;
			};
			name = Debug;
		};
		95B4CE23190301910013A259 /* Release */ = {
			isa = XCBuildConfiguration;
			buildSettings = {
				ALWAYS_SEARCH_USER_PATHS = NO;
				CLANG_CXX_LANGUAGE_STANDARD = "gnu++0x";
				CLANG_CXX_LIBRARY = "libc++";
				CLANG_ENABLE_MODULES = YES;
				CLANG_ENABLE_OBJC_ARC = YES;
				CLANG_WARN_BLOCK_CAPTURE_AUTORELEASING = YES;
				CLANG_WARN_BOOL_CONVERSION = YES;
				CLANG_WARN_COMMA = YES;
				CLANG_WARN_CONSTANT_CONVERSION = YES;
				CLANG_WARN_DEPRECATED_OBJC_IMPLEMENTATIONS = YES;
				CLANG_WARN_DIRECT_OBJC_ISA_USAGE = YES_ERROR;
				CLANG_WARN_EMPTY_BODY = YES;
				CLANG_WARN_ENUM_CONVERSION = YES;
				CLANG_WARN_INFINITE_RECURSION = YES;
				CLANG_WARN_INT_CONVERSION = YES;
				CLANG_WARN_NON_LITERAL_NULL_CONVERSION = YES;
				CLANG_WARN_OBJC_IMPLICIT_RETAIN_SELF = YES;
				CLANG_WARN_OBJC_LITERAL_CONVERSION = YES;
				CLANG_WARN_OBJC_ROOT_CLASS = YES_ERROR;
				CLANG_WARN_RANGE_LOOP_ANALYSIS = YES;
				CLANG_WARN_STRICT_PROTOTYPES = YES;
				CLANG_WARN_SUSPICIOUS_MOVE = YES;
				CLANG_WARN_UNREACHABLE_CODE = YES;
				CLANG_WARN__DUPLICATE_METHOD_MATCH = YES;
				"CODE_SIGN_IDENTITY[sdk=iphoneos*]" = "iPhone Developer";
				COPY_PHASE_STRIP = YES;
				ENABLE_NS_ASSERTIONS = NO;
				ENABLE_STRICT_OBJC_MSGSEND = YES;
				GCC_C_LANGUAGE_STANDARD = gnu99;
				GCC_NO_COMMON_BLOCKS = YES;
				GCC_WARN_64_TO_32_BIT_CONVERSION = YES;
				GCC_WARN_ABOUT_RETURN_TYPE = YES_ERROR;
				GCC_WARN_UNDECLARED_SELECTOR = YES;
				GCC_WARN_UNINITIALIZED_AUTOS = YES_AGGRESSIVE;
				GCC_WARN_UNUSED_FUNCTION = YES;
				GCC_WARN_UNUSED_VARIABLE = YES;
				IPHONEOS_DEPLOYMENT_TARGET = 8.0;
				SDKROOT = iphoneos;
				SWIFT_COMPILATION_MODE = wholemodule;
				TARGETED_DEVICE_FAMILY = "1,2";
				VALIDATE_PRODUCT = YES;
			};
			name = Release;
		};
		95B4CE25190301910013A259 /* Debug */ = {
			isa = XCBuildConfiguration;
			buildSettings = {
				ALWAYS_EMBED_SWIFT_STANDARD_LIBRARIES = YES;
				ASSETCATALOG_COMPILER_APPICON_NAME = AppIcon;
				ASSETCATALOG_COMPILER_LAUNCHIMAGE_NAME = LaunchImage;
				CLANG_ENABLE_MODULES = YES;
				CODE_SIGN_IDENTITY = "iPhone Developer";
				"CODE_SIGN_IDENTITY[sdk=iphoneos*]" = "iPhone Developer";
				DEVELOPMENT_TEAM = 9GVS3YU4CR;
				GCC_PRECOMPILE_PREFIX_HEADER = YES;
				GCC_PREFIX_HEADER = "PR: Personal Record Keeper/PR: Personal Record Keeper-Prefix.pch";
				INFOPLIST_FILE = "PR: Personal Record Keeper/PR: Personal Record Keeper-Info.plist";
				IPHONEOS_DEPLOYMENT_TARGET = 10.0;
				LD_RUNPATH_SEARCH_PATHS = "$(inherited) @executable_path/Frameworks";
				PRODUCT_BUNDLE_IDENTIFIER = "com.quaritate.${PRODUCT_NAME:rfc1034identifier}";
				PRODUCT_NAME = "$(TARGET_NAME)";
				PROVISIONING_PROFILE = "";
				SWIFT_OBJC_BRIDGING_HEADER = "PR- Personal Record Keeper-Bridging-Header.h";
				SWIFT_OPTIMIZATION_LEVEL = "-Onone";
				SWIFT_SWIFT3_OBJC_INFERENCE = On;
				SWIFT_VERSION = 4.2;
				WRAPPER_EXTENSION = app;
			};
			name = Debug;
		};
		95B4CE26190301910013A259 /* Release */ = {
			isa = XCBuildConfiguration;
			buildSettings = {
				ALWAYS_EMBED_SWIFT_STANDARD_LIBRARIES = YES;
				ASSETCATALOG_COMPILER_APPICON_NAME = AppIcon;
				ASSETCATALOG_COMPILER_LAUNCHIMAGE_NAME = LaunchImage;
				CLANG_ENABLE_MODULES = YES;
				CODE_SIGN_IDENTITY = "iPhone Developer";
				"CODE_SIGN_IDENTITY[sdk=iphoneos*]" = "iPhone Developer";
				DEVELOPMENT_TEAM = 9GVS3YU4CR;
				GCC_PRECOMPILE_PREFIX_HEADER = YES;
				GCC_PREFIX_HEADER = "PR: Personal Record Keeper/PR: Personal Record Keeper-Prefix.pch";
				INFOPLIST_FILE = "PR: Personal Record Keeper/PR: Personal Record Keeper-Info.plist";
				IPHONEOS_DEPLOYMENT_TARGET = 10.0;
				LD_RUNPATH_SEARCH_PATHS = "$(inherited) @executable_path/Frameworks";
				PRODUCT_BUNDLE_IDENTIFIER = "com.quaritate.${PRODUCT_NAME:rfc1034identifier}";
				PRODUCT_NAME = "$(TARGET_NAME)";
				PROVISIONING_PROFILE = "";
				SWIFT_OBJC_BRIDGING_HEADER = "PR- Personal Record Keeper-Bridging-Header.h";
				SWIFT_SWIFT3_OBJC_INFERENCE = On;
				SWIFT_VERSION = 4.2;
				WRAPPER_EXTENSION = app;
			};
			name = Release;
		};
		95B4CE28190301910013A259 /* Debug */ = {
			isa = XCBuildConfiguration;
			buildSettings = {
				ALWAYS_EMBED_SWIFT_STANDARD_LIBRARIES = YES;
				BUNDLE_LOADER = "$(BUILT_PRODUCTS_DIR)/PR: Personal Record Keeper.app/PR: Personal Record Keeper";
				CLANG_ENABLE_MODULES = YES;
				FRAMEWORK_SEARCH_PATHS = (
					"$(SDKROOT)/Developer/Library/Frameworks",
					"$(inherited)",
					"$(DEVELOPER_FRAMEWORKS_DIR)",
				);
				GCC_PRECOMPILE_PREFIX_HEADER = YES;
				GCC_PREFIX_HEADER = "PR: Personal Record Keeper/PR: Personal Record Keeper-Prefix.pch";
				GCC_PREPROCESSOR_DEFINITIONS = (
					"DEBUG=1",
					"$(inherited)",
				);
				INFOPLIST_FILE = "PR: Personal Record KeeperTests/PR: Personal Record KeeperTests-Info.plist";
				IPHONEOS_DEPLOYMENT_TARGET = 10.0;
				LD_RUNPATH_SEARCH_PATHS = "$(inherited) @executable_path/Frameworks @loader_path/Frameworks";
				PRODUCT_BUNDLE_IDENTIFIER = "com.quaritate.${PRODUCT_NAME:rfc1034identifier}";
				PRODUCT_NAME = "$(TARGET_NAME)";
				SWIFT_OBJC_BRIDGING_HEADER = "PR: Personal Record KeeperTests/PR: Personal Record KeeperTests-Bridging-Header.h";
				SWIFT_OPTIMIZATION_LEVEL = "-Onone";
				SWIFT_SWIFT3_OBJC_INFERENCE = On;
				SWIFT_VERSION = 4.2;
				TEST_HOST = "$(BUNDLE_LOADER)";
				WRAPPER_EXTENSION = xctest;
			};
			name = Debug;
		};
		95B4CE29190301910013A259 /* Release */ = {
			isa = XCBuildConfiguration;
			buildSettings = {
				ALWAYS_EMBED_SWIFT_STANDARD_LIBRARIES = YES;
				BUNDLE_LOADER = "$(BUILT_PRODUCTS_DIR)/PR: Personal Record Keeper.app/PR: Personal Record Keeper";
				CLANG_ENABLE_MODULES = YES;
				FRAMEWORK_SEARCH_PATHS = (
					"$(SDKROOT)/Developer/Library/Frameworks",
					"$(inherited)",
					"$(DEVELOPER_FRAMEWORKS_DIR)",
				);
				GCC_PRECOMPILE_PREFIX_HEADER = YES;
				GCC_PREFIX_HEADER = "PR: Personal Record Keeper/PR: Personal Record Keeper-Prefix.pch";
				INFOPLIST_FILE = "PR: Personal Record KeeperTests/PR: Personal Record KeeperTests-Info.plist";
				IPHONEOS_DEPLOYMENT_TARGET = 10.0;
				LD_RUNPATH_SEARCH_PATHS = "$(inherited) @executable_path/Frameworks @loader_path/Frameworks";
				PRODUCT_BUNDLE_IDENTIFIER = "com.quaritate.${PRODUCT_NAME:rfc1034identifier}";
				PRODUCT_NAME = "$(TARGET_NAME)";
				SWIFT_OBJC_BRIDGING_HEADER = "PR: Personal Record KeeperTests/PR: Personal Record KeeperTests-Bridging-Header.h";
				SWIFT_SWIFT3_OBJC_INFERENCE = On;
				SWIFT_VERSION = 4.2;
				TEST_HOST = "$(BUNDLE_LOADER)";
				WRAPPER_EXTENSION = xctest;
			};
			name = Release;
		};
/* End XCBuildConfiguration section */

/* Begin XCConfigurationList section */
		95B4CDE7190301910013A259 /* Build configuration list for PBXProject "PR: Personal Record Keeper" */ = {
			isa = XCConfigurationList;
			buildConfigurations = (
				95B4CE22190301910013A259 /* Debug */,
				95B4CE23190301910013A259 /* Release */,
			);
			defaultConfigurationIsVisible = 0;
			defaultConfigurationName = Release;
		};
		95B4CE24190301910013A259 /* Build configuration list for PBXNativeTarget "PR: Personal Record Keeper" */ = {
			isa = XCConfigurationList;
			buildConfigurations = (
				95B4CE25190301910013A259 /* Debug */,
				95B4CE26190301910013A259 /* Release */,
			);
			defaultConfigurationIsVisible = 0;
			defaultConfigurationName = Release;
		};
		95B4CE27190301910013A259 /* Build configuration list for PBXNativeTarget "PR: Personal Record KeeperTests" */ = {
			isa = XCConfigurationList;
			buildConfigurations = (
				95B4CE28190301910013A259 /* Debug */,
				95B4CE29190301910013A259 /* Release */,
			);
			defaultConfigurationIsVisible = 0;
			defaultConfigurationName = Release;
		};
/* End XCConfigurationList section */

/* Begin XCVersionGroup section */
		95B4CE451904A13F0013A259 /* PRModel.xcdatamodeld */ = {
			isa = XCVersionGroup;
			children = (
				951B7A8B21177F7700F87A4E /* PRModel 3.1.xcdatamodel */,
				954B4184207C0B7B006115B0 /* PRModel 3.0.xcdatamodel */,
				954F726B195DFEA90098B56A /* PRModel 1.1 (with history).xcdatamodel */,
				95B4CE461904A13F0013A259 /* PRModel.xcdatamodel */,
			);
			currentVersion = 951B7A8B21177F7700F87A4E /* PRModel 3.1.xcdatamodel */;
			path = PRModel.xcdatamodeld;
			sourceTree = "<group>";
			versionGroupType = wrapper.xcdatamodel;
		};
/* End XCVersionGroup section */
	};
	rootObject = 95B4CDE4190301910013A259 /* Project object */;
}
